// !$*UTF8*$!
{
	archiveVersion = 1;
	classes = {
	};
	objectVersion = 60;
	objects = {

/* Begin PBXBuildFile section */
		2C04FF5C2BF78E6F0065075F /* DesignSystem in Frameworks */ = {isa = PBXBuildFile; productRef = 2C04FF5B2BF78E6F0065075F /* DesignSystem */; };
		2C6549C02BFDD6E900105D5A /* Data in Frameworks */ = {isa = PBXBuildFile; productRef = 2C6549BF2BFDD6E900105D5A /* Data */; };
		2C8D20F62B7216EE00632718 /* AppFlowCoordinator.swift in Sources */ = {isa = PBXBuildFile; fileRef = 2C88DCF12B124238000B4686 /* AppFlowCoordinator.swift */; };
		2C8D20F72B7216EE00632718 /* AppDelegate.swift in Sources */ = {isa = PBXBuildFile; fileRef = 600908BD2AFCD7DF0065DFFB /* AppDelegate.swift */; };
		2C8D20F82B7216EE00632718 /* SceneDelegate.swift in Sources */ = {isa = PBXBuildFile; fileRef = 600908BF2AFCD7DF0065DFFB /* SceneDelegate.swift */; };
		2C8D20F92B7216EE00632718 /* AppDIContainer.swift in Sources */ = {isa = PBXBuildFile; fileRef = 2C88DCF32B124272000B4686 /* AppDIContainer.swift */; };
		2C8D20FA2B7216EE00632718 /* TimerSceneDIContainer.swift in Sources */ = {isa = PBXBuildFile; fileRef = 2C88DCF52B124292000B4686 /* TimerSceneDIContainer.swift */; };
		2C8D20FB2B7216EE00632718 /* LoginDIContainer.swift in Sources */ = {isa = PBXBuildFile; fileRef = 2C88DCFA2B124451000B4686 /* LoginDIContainer.swift */; };
		2C8D20FC2B7216EE00632718 /* TabBarDIContainer.swift in Sources */ = {isa = PBXBuildFile; fileRef = 2C88DD062B125781000B4686 /* TabBarDIContainer.swift */; };
		2C8D20FD2B7216EE00632718 /* CategoryDIContainer.swift in Sources */ = {isa = PBXBuildFile; fileRef = 2C88DD0A2B1340E4000B4686 /* CategoryDIContainer.swift */; };
		2C8D20FE2B7216EE00632718 /* SocialDIContainer.swift in Sources */ = {isa = PBXBuildFile; fileRef = 2CDCD03C2B1871E60080DCDE /* SocialDIContainer.swift */; };
		2C8D20FF2B7216EE00632718 /* MyPageDIContainer.swift in Sources */ = {isa = PBXBuildFile; fileRef = 60459D482B21A28400A80AF7 /* MyPageDIContainer.swift */; };
		2C8D21002B7216EE00632718 /* ChartDIContainer.swift in Sources */ = {isa = PBXBuildFile; fileRef = ED6865CF2B1F1429001A2AAD /* ChartDIContainer.swift */; };
		2C8D21012B7216EE00632718 /* TabBarFlowCoordinator.swift in Sources */ = {isa = PBXBuildFile; fileRef = 2C88DD042B1256D0000B4686 /* TabBarFlowCoordinator.swift */; };
		2C8D21022B7216EE00632718 /* TabBarViewController.swift in Sources */ = {isa = PBXBuildFile; fileRef = EDC851C62B021492009031EA /* TabBarViewController.swift */; };
		2C8D21032B7216EE00632718 /* ViewController.swift in Sources */ = {isa = PBXBuildFile; fileRef = 600908C12AFCD7DF0065DFFB /* ViewController.swift */; };
		2C8D21042B7216EE00632718 /* LoginFlowCoordinator.swift in Sources */ = {isa = PBXBuildFile; fileRef = 2C88DCFD2B1244A6000B4686 /* LoginFlowCoordinator.swift */; };
		2C8D21052B7216EE00632718 /* LoginType.swift in Sources */ = {isa = PBXBuildFile; fileRef = 2C5CDA4A2B0252C1007AFC57 /* LoginType.swift */; };
		2C8D21062B7216EE00632718 /* LoginViewModel.swift in Sources */ = {isa = PBXBuildFile; fileRef = ED38422B2B0F4531001E2803 /* LoginViewModel.swift */; };
		2C8D21072B7216EE00632718 /* SignUpViewModel.swift in Sources */ = {isa = PBXBuildFile; fileRef = 601EB73A2B148F9A00C5B216 /* SignUpViewModel.swift */; };
		2C8D21082B7216EE00632718 /* LoginViewController.swift in Sources */ = {isa = PBXBuildFile; fileRef = 2C5CDA472B0252B2007AFC57 /* LoginViewController.swift */; };
		2C8D21092B7216EE00632718 /* SignUpViewController.swift in Sources */ = {isa = PBXBuildFile; fileRef = 60F6FD722B0B5E130057CE0B /* SignUpViewController.swift */; };
		2C8D210A2B7216EE00632718 /* TimerFlowCoordinator.swift in Sources */ = {isa = PBXBuildFile; fileRef = 2C88DCF82B1242DA000B4686 /* TimerFlowCoordinator.swift */; };
		2C8D210B2B7216EE00632718 /* CategorySettingCoordinator.swift in Sources */ = {isa = PBXBuildFile; fileRef = 2C88DD082B1274FA000B4686 /* CategorySettingCoordinator.swift */; };
		2C8D210C2B7216EE00632718 /* DeviceOrientation.swift in Sources */ = {isa = PBXBuildFile; fileRef = 2C4D55B22B035484006D7C26 /* DeviceOrientation.swift */; };
		2C8D210D2B7216EE00632718 /* CategorySettingSection.swift in Sources */ = {isa = PBXBuildFile; fileRef = 2CE84EF62B0B7F3C00E2FB71 /* CategorySettingSection.swift */; };
		2C8D210E2B7216EE00632718 /* CategoryListCollectionViewCell.swift in Sources */ = {isa = PBXBuildFile; fileRef = EDC851D12B04EE83009031EA /* CategoryListCollectionViewCell.swift */; };
		2C8D210F2B7216EE00632718 /* CategorySettingFooterView.swift in Sources */ = {isa = PBXBuildFile; fileRef = 2CE84EF82B0B8A0B00E2FB71 /* CategorySettingFooterView.swift */; };
		2C8D21102B7216EE00632718 /* CategoryColorSelectView.swift in Sources */ = {isa = PBXBuildFile; fileRef = ED3595C02B0DC2F100558FAA /* CategoryColorSelectView.swift */; };
		2C8D21112B7216EE00632718 /* TimerHeaderView.swift in Sources */ = {isa = PBXBuildFile; fileRef = 2C7CBD582B2B3AAD0024A9AA /* TimerHeaderView.swift */; };
		2C8D21122B7216EE00632718 /* TimerViewModel.swift in Sources */ = {isa = PBXBuildFile; fileRef = 2C4D55AF2B0348FB006D7C26 /* TimerViewModel.swift */; };
		2C8D21132B7216EE00632718 /* CategoryViewModel.swift in Sources */ = {isa = PBXBuildFile; fileRef = ED9B2A802B06048D008FE1C5 /* CategoryViewModel.swift */; };
		2C8D21142B7216EE00632718 /* TimerFinishViewModel.swift in Sources */ = {isa = PBXBuildFile; fileRef = 2C88DD0E2B14C22C000B4686 /* TimerFinishViewModel.swift */; };
		2C8D21152B7216EE00632718 /* CategoryModifyViewModel.swift in Sources */ = {isa = PBXBuildFile; fileRef = 2C9F61FA2B15C96100AE63F9 /* CategoryModifyViewModel.swift */; };
		2C8D21162B7216EE00632718 /* TimerViewController.swift in Sources */ = {isa = PBXBuildFile; fileRef = 601773E32B021E6000D175D9 /* TimerViewController.swift */; };
		2C8D21172B7216EE00632718 /* CategorySettingViewController.swift in Sources */ = {isa = PBXBuildFile; fileRef = 2CE84EEE2B0B742A00E2FB71 /* CategorySettingViewController.swift */; };
		2C8D21182B7216EE00632718 /* CategoryModifyViewController.swift in Sources */ = {isa = PBXBuildFile; fileRef = ED3595BC2B0DB29F00558FAA /* CategoryModifyViewController.swift */; };
		2C8D21192B7216EE00632718 /* TimerFinishViewController.swift in Sources */ = {isa = PBXBuildFile; fileRef = 2C88DD0C2B148E9B000B4686 /* TimerFinishViewController.swift */; };
		2C8D211A2B7216EE00632718 /* WeeklySection.swift in Sources */ = {isa = PBXBuildFile; fileRef = 2C277AC32B4ABCAD00567CAC /* WeeklySection.swift */; };
		2C8D211B2B7216EE00632718 /* ChartFlowCoordinator.swift in Sources */ = {isa = PBXBuildFile; fileRef = ED6865D22B1F1464001A2AAD /* ChartFlowCoordinator.swift */; };
		2C8D211C2B7216EE00632718 /* ChartViewModel.swift in Sources */ = {isa = PBXBuildFile; fileRef = ED6865D52B1F14CF001A2AAD /* ChartViewModel.swift */; };
		2C8D211D2B7216EE00632718 /* ChartSegmentedControl.swift in Sources */ = {isa = PBXBuildFile; fileRef = ED6865BE2B1E2FA6001A2AAD /* ChartSegmentedControl.swift */; };
		2C8D211E2B7216EE00632718 /* DonutChartView.swift in Sources */ = {isa = PBXBuildFile; fileRef = 2C277ABA2B497FB500567CAC /* DonutChartView.swift */; };
		2C8D211F2B7216EE00632718 /* WeeklyCalendarView.swift in Sources */ = {isa = PBXBuildFile; fileRef = 2C277ABE2B4AB22400567CAC /* WeeklyCalendarView.swift */; };
		2C8D21202B7216EE00632718 /* WeekCollectionViewCell.swift in Sources */ = {isa = PBXBuildFile; fileRef = 2C277AC02B4AB98000567CAC /* WeekCollectionViewCell.swift */; };
		2C8D21212B7216EE00632718 /* LabelView.swift in Sources */ = {isa = PBXBuildFile; fileRef = 2CB4AFE12B64D3CD003F5D0F /* LabelView.swift */; };
		2C8D21222B7216EE00632718 /* CustonChartView.swift in Sources */ = {isa = PBXBuildFile; fileRef = 2CB4AFE32B64E94A003F5D0F /* CustonChartView.swift */; };
		2C8D21232B7216EE00632718 /* LabelListView.swift in Sources */ = {isa = PBXBuildFile; fileRef = 2C8D20F42B678A6C00632718 /* LabelListView.swift */; };
		2C8D21242B7216EE00632718 /* ChartViewController.swift in Sources */ = {isa = PBXBuildFile; fileRef = 2C5CDA5A2B025440007AFC57 /* ChartViewController.swift */; };
		2C8D21252B7216EE00632718 /* FriendUser.swift in Sources */ = {isa = PBXBuildFile; fileRef = 2CDCD0662B18D0330080DCDE /* FriendUser.swift */; };
		2C8D21262B7216EE00632718 /* FriendSearchItem.swift in Sources */ = {isa = PBXBuildFile; fileRef = 2CDCD0682B18D0D10080DCDE /* FriendSearchItem.swift */; };
		2C8D21272B7216EE00632718 /* UpdateFriend.swift in Sources */ = {isa = PBXBuildFile; fileRef = 2C87C2782B1C794000A26313 /* UpdateFriend.swift */; };
		2C8D21282B7216EE00632718 /* ProfileHeaderItem.swift in Sources */ = {isa = PBXBuildFile; fileRef = 2C1F2BBC2B20DA770026C30B /* ProfileHeaderItem.swift */; };
		2C8D21292B7216EE00632718 /* SocialFlowCoordinator.swift in Sources */ = {isa = PBXBuildFile; fileRef = 2CDCD03F2B1872060080DCDE /* SocialFlowCoordinator.swift */; };
		2C8D212A2B7216EE00632718 /* FreindAddResultViewProtocol.swift in Sources */ = {isa = PBXBuildFile; fileRef = 2C9F62072B16398D00AE63F9 /* FreindAddResultViewProtocol.swift */; };
		2C8D212B2B7216EE00632718 /* MyNickNameView.swift in Sources */ = {isa = PBXBuildFile; fileRef = 2C9F62002B1601F200AE63F9 /* MyNickNameView.swift */; };
		2C8D212D2B7216EE00632718 /* SocialUserInfoHeaderView.swift in Sources */ = {isa = PBXBuildFile; fileRef = 2C1F2BBA2B20D8D60026C30B /* SocialUserInfoHeaderView.swift */; };
		2C8D212E2B7216EE00632718 /* FriendSearchResultView.swift in Sources */ = {isa = PBXBuildFile; fileRef = 2C9F62022B16021E00AE63F9 /* FriendSearchResultView.swift */; };
		2C8D212F2B7216EE00632718 /* NoResultView.swift in Sources */ = {isa = PBXBuildFile; fileRef = 2C9F62042B160B3900AE63F9 /* NoResultView.swift */; };
		2C8D21302B7216EE00632718 /* FriendsCollectionViewCell.swift in Sources */ = {isa = PBXBuildFile; fileRef = 60C2F2852B172D6900EBDD78 /* FriendsCollectionViewCell.swift */; };
		2C8D21312B7216EE00632718 /* SocialDetailViewModel.swift in Sources */ = {isa = PBXBuildFile; fileRef = ED6865AC2B179600001A2AAD /* SocialDetailViewModel.swift */; };
		2C8D21322B7216EE00632718 /* SocialViewModel.swift in Sources */ = {isa = PBXBuildFile; fileRef = 2CDCD0412B1873F60080DCDE /* SocialViewModel.swift */; };
		2C8D21332B7216EE00632718 /* FriendAddViewModel.swift in Sources */ = {isa = PBXBuildFile; fileRef = 2C9F620A2B171C8300AE63F9 /* FriendAddViewModel.swift */; };
		2C8D21342B7216EE00632718 /* SocialViewController.swift in Sources */ = {isa = PBXBuildFile; fileRef = 2C5CDA4E2B025403007AFC57 /* SocialViewController.swift */; };
		2C8D21352B7216EE00632718 /* SocialDetailViewController.swift in Sources */ = {isa = PBXBuildFile; fileRef = ED68659C2B15E928001A2AAD /* SocialDetailViewController.swift */; };
		2C8D21362B7216EE00632718 /* FriendAddViewController.swift in Sources */ = {isa = PBXBuildFile; fileRef = 2C9F61FD2B15F48600AE63F9 /* FriendAddViewController.swift */; };
		2C8D21372B7216EE00632718 /* MyPageFlowCoordinator.swift in Sources */ = {isa = PBXBuildFile; fileRef = 60459D462B21A17C00A80AF7 /* MyPageFlowCoordinator.swift */; };
		2C8D21382B7216EE00632718 /* MyPageTableViewCell.swift in Sources */ = {isa = PBXBuildFile; fileRef = 60EB7F512B1EFEDA00F8C613 /* MyPageTableViewCell.swift */; };
		2C8D21392B7216EE00632718 /* MyPageHeaderView.swift in Sources */ = {isa = PBXBuildFile; fileRef = 6020C7632B21C1D400F58AD0 /* MyPageHeaderView.swift */; };
		2C8D213A2B7216EE00632718 /* DoneButton.swift in Sources */ = {isa = PBXBuildFile; fileRef = 2CE91C742B25AE9700EACCD7 /* DoneButton.swift */; };
		2C8D213B2B7216EE00632718 /* MyPageViewModel.swift in Sources */ = {isa = PBXBuildFile; fileRef = 60EB7F552B1F053800F8C613 /* MyPageViewModel.swift */; };
		2C8D213C2B7216EE00632718 /* ProfileSettingsViewModel.swift in Sources */ = {isa = PBXBuildFile; fileRef = 60EB7F5C2B1F4F9E00F8C613 /* ProfileSettingsViewModel.swift */; };
		2C8D213D2B7216EF00632718 /* MyPageViewController.swift in Sources */ = {isa = PBXBuildFile; fileRef = 606990562B18918B00E5730F /* MyPageViewController.swift */; };
		2C8D213E2B7216EF00632718 /* ProfileSettingsViewController.swift in Sources */ = {isa = PBXBuildFile; fileRef = 60EB7F5A2B1F19D900F8C613 /* ProfileSettingsViewController.swift */; };
		2C8D213F2B7216EF00632718 /* PrivacyPolicyViewController.swift in Sources */ = {isa = PBXBuildFile; fileRef = EDDAD39B2B4D2E43003A9D18 /* PrivacyPolicyViewController.swift */; };
		2C8D21402B7216EF00632718 /* CalendarManager.swift in Sources */ = {isa = PBXBuildFile; fileRef = 2C2176E22B5AC156000422F9 /* CalendarManager.swift */; };
		2C8D21412B7216EF00632718 /* UserInfoManager.swift in Sources */ = {isa = PBXBuildFile; fileRef = 2CE91C722B25971000EACCD7 /* UserInfoManager.swift */; };
		2C8D21422B7216EF00632718 /* (null) in Sources */ = {isa = PBXBuildFile; };
		2C8D21432B7216EF00632718 /* (null) in Sources */ = {isa = PBXBuildFile; };
		2C8D21442B7216EF00632718 /* (null) in Sources */ = {isa = PBXBuildFile; };
		2C8D21462B7216EF00632718 /* FriendStatusPollingManager.swift in Sources */ = {isa = PBXBuildFile; fileRef = 2C87C2762B1C789A00A26313 /* FriendStatusPollingManager.swift */; };
		2C8D21482B7216EF00632718 /* CategoryManager.swift in Sources */ = {isa = PBXBuildFile; fileRef = 2C9F61F62B14EFA200AE63F9 /* CategoryManager.swift */; };
		2C8D21492B7216EF00632718 /* TimerManager.swift in Sources */ = {isa = PBXBuildFile; fileRef = 2C801D822B04C64F00A7ABAE /* TimerManager.swift */; };
		2C8D214A2B7216EF00632718 /* DeviceMotionManager.swift in Sources */ = {isa = PBXBuildFile; fileRef = EDC851D82B05C37C009031EA /* DeviceMotionManager.swift */; };
		2C8D214B2B7216EF00632718 /* FeedbackManager.swift in Sources */ = {isa = PBXBuildFile; fileRef = 2C43A0D72B037BBC0005596A /* FeedbackManager.swift */; };
		2C8D21552B7216EF00632718 /* CategoryManageable.swift in Sources */ = {isa = PBXBuildFile; fileRef = 2C9F61F82B14F33600AE63F9 /* CategoryManageable.swift */; };
		2C8D21D92B735E2B00632718 /* BarChartView.swift in Sources */ = {isa = PBXBuildFile; fileRef = 2C8D21D82B735E2B00632718 /* BarChartView.swift */; };
		2CD272ED2B21A619000CB9E5 /* Localizable.strings in Resources */ = {isa = PBXBuildFile; fileRef = 2CD272EF2B21A619000CB9E5 /* Localizable.strings */; };
		2CE0E5BD2B833602000D231C /* LineChartView.swift in Sources */ = {isa = PBXBuildFile; fileRef = 2CE0E5BC2B833602000D231C /* LineChartView.swift */; };
		600908CA2AFCD7E00065DFFB /* LaunchScreen.storyboard in Resources */ = {isa = PBXBuildFile; fileRef = 600908C82AFCD7E00065DFFB /* LaunchScreen.storyboard */; };
		600D81362B51344500670882 /* TimerViewModelTests.swift in Sources */ = {isa = PBXBuildFile; fileRef = 60FBEE4D2B4B82B1006B1CF9 /* TimerViewModelTests.swift */; };
		600D813C2B5148CC00670882 /* FriendAddViewModelTests.swift in Sources */ = {isa = PBXBuildFile; fileRef = 2C9F622E2B17505B00AE63F9 /* FriendAddViewModelTests.swift */; };
		601F39742BF399B9001689A0 /* Core in Frameworks */ = {isa = PBXBuildFile; productRef = 601F39732BF399B9001689A0 /* Core */; };
		601F39762BF39E4F001689A0 /* Core in Frameworks */ = {isa = PBXBuildFile; productRef = 601F39752BF39E4F001689A0 /* Core */; };
		60243EF02B05D24D0098A92F /* .swiftlint.yml in Resources */ = {isa = PBXBuildFile; fileRef = 60243EEF2B05D24D0098A92F /* .swiftlint.yml */; };
		602C9D472B4E9A310021F2DE /* LoginViewModelTests.swift in Sources */ = {isa = PBXBuildFile; fileRef = 60FBEE492B4B826F006B1CF9 /* LoginViewModelTests.swift */; };
		602C9D482B4F95D30021F2DE /* SignUpViewModelTests.swift in Sources */ = {isa = PBXBuildFile; fileRef = 60FBEE4B2B4B829B006B1CF9 /* SignUpViewModelTests.swift */; };
		604309E62BF1AFE800768D87 /* GoogleSignIn in Frameworks */ = {isa = PBXBuildFile; productRef = 604309E52BF1AFE800768D87 /* GoogleSignIn */; };
		604309E82BF1AFE800768D87 /* GoogleSignInSwift in Frameworks */ = {isa = PBXBuildFile; productRef = 604309E72BF1AFE800768D87 /* GoogleSignInSwift */; };
		60490B922BEA8B93008958C3 /* DummyManagers.swift in Sources */ = {isa = PBXBuildFile; fileRef = 60C7918C2B5819F10019E81F /* DummyManagers.swift */; };
		60490B932BEA8B97008958C3 /* DummyUseCases.swift in Sources */ = {isa = PBXBuildFile; fileRef = 60C791892B5810FA0019E81F /* DummyUseCases.swift */; };
		6067DD832B2737F9004625AF /* Selection.ahap in Resources */ = {isa = PBXBuildFile; fileRef = 6067DD822B2737F9004625AF /* Selection.ahap */; };
		6071B1C72BF73BF10044574F /* Network in Frameworks */ = {isa = PBXBuildFile; productRef = 6071B1C62BF73BF10044574F /* Network */; };
		6096F91E2B04F3CA00D0B972 /* FaceDown.ahap in Resources */ = {isa = PBXBuildFile; fileRef = 6096F91D2B04F3CA00D0B972 /* FaceDown.ahap */; };
		60BB72782BEA709D00E2A7E9 /* FMImageProvider in Frameworks */ = {isa = PBXBuildFile; productRef = 60BB72772BEA709D00E2A7E9 /* FMImageProvider */; };
		60C368E82BFBA1DA008C76ED /* Domain in Frameworks */ = {isa = PBXBuildFile; productRef = 60C368E72BFBA1DA008C76ED /* Domain */; };
/* End PBXBuildFile section */

/* Begin PBXContainerItemProxy section */
		600908D12AFCD7E00065DFFB /* PBXContainerItemProxy */ = {
			isa = PBXContainerItemProxy;
			containerPortal = 600908B22AFCD7DF0065DFFB /* Project object */;
			proxyType = 1;
			remoteGlobalIDString = 600908B92AFCD7DF0065DFFB;
			remoteInfo = FlipMate;
		};
/* End PBXContainerItemProxy section */

/* Begin PBXFileReference section */
		2C04FF5A2BF78AAE0065075F /* DesignSystem */ = {isa = PBXFileReference; lastKnownFileType = wrapper; name = DesignSystem; path = FlipMate/DesignSystem; sourceTree = "<group>"; };
		2C1F2BBA2B20D8D60026C30B /* SocialUserInfoHeaderView.swift */ = {isa = PBXFileReference; lastKnownFileType = sourcecode.swift; path = SocialUserInfoHeaderView.swift; sourceTree = "<group>"; };
		2C1F2BBC2B20DA770026C30B /* ProfileHeaderItem.swift */ = {isa = PBXFileReference; lastKnownFileType = sourcecode.swift; path = ProfileHeaderItem.swift; sourceTree = "<group>"; };
		2C2176E22B5AC156000422F9 /* CalendarManager.swift */ = {isa = PBXFileReference; lastKnownFileType = sourcecode.swift; path = CalendarManager.swift; sourceTree = "<group>"; };
		2C24ECCF2BFDD4E4000664BC /* Data */ = {isa = PBXFileReference; lastKnownFileType = wrapper; name = Data; path = FlipMate/Data; sourceTree = "<group>"; };
		2C277ABA2B497FB500567CAC /* DonutChartView.swift */ = {isa = PBXFileReference; lastKnownFileType = sourcecode.swift; path = DonutChartView.swift; sourceTree = "<group>"; };
		2C277ABE2B4AB22400567CAC /* WeeklyCalendarView.swift */ = {isa = PBXFileReference; lastKnownFileType = sourcecode.swift; path = WeeklyCalendarView.swift; sourceTree = "<group>"; };
		2C277AC02B4AB98000567CAC /* WeekCollectionViewCell.swift */ = {isa = PBXFileReference; lastKnownFileType = sourcecode.swift; path = WeekCollectionViewCell.swift; sourceTree = "<group>"; };
		2C277AC32B4ABCAD00567CAC /* WeeklySection.swift */ = {isa = PBXFileReference; lastKnownFileType = sourcecode.swift; path = WeeklySection.swift; sourceTree = "<group>"; };
		2C43A0D72B037BBC0005596A /* FeedbackManager.swift */ = {isa = PBXFileReference; lastKnownFileType = sourcecode.swift; path = FeedbackManager.swift; sourceTree = "<group>"; };
		2C4D55AF2B0348FB006D7C26 /* TimerViewModel.swift */ = {isa = PBXFileReference; lastKnownFileType = sourcecode.swift; path = TimerViewModel.swift; sourceTree = "<group>"; };
		2C4D55B22B035484006D7C26 /* DeviceOrientation.swift */ = {isa = PBXFileReference; lastKnownFileType = sourcecode.swift; path = DeviceOrientation.swift; sourceTree = "<group>"; };
		2C5CDA472B0252B2007AFC57 /* LoginViewController.swift */ = {isa = PBXFileReference; fileEncoding = 4; lastKnownFileType = sourcecode.swift; path = LoginViewController.swift; sourceTree = "<group>"; };
		2C5CDA4A2B0252C1007AFC57 /* LoginType.swift */ = {isa = PBXFileReference; fileEncoding = 4; lastKnownFileType = sourcecode.swift; path = LoginType.swift; sourceTree = "<group>"; };
		2C5CDA4E2B025403007AFC57 /* SocialViewController.swift */ = {isa = PBXFileReference; lastKnownFileType = sourcecode.swift; path = SocialViewController.swift; sourceTree = "<group>"; };
		2C5CDA5A2B025440007AFC57 /* ChartViewController.swift */ = {isa = PBXFileReference; lastKnownFileType = sourcecode.swift; path = ChartViewController.swift; sourceTree = "<group>"; };
		2C7CBD582B2B3AAD0024A9AA /* TimerHeaderView.swift */ = {isa = PBXFileReference; lastKnownFileType = sourcecode.swift; path = TimerHeaderView.swift; sourceTree = "<group>"; };
		2C801D822B04C64F00A7ABAE /* TimerManager.swift */ = {isa = PBXFileReference; lastKnownFileType = sourcecode.swift; path = TimerManager.swift; sourceTree = "<group>"; };
		2C87C2762B1C789A00A26313 /* FriendStatusPollingManager.swift */ = {isa = PBXFileReference; lastKnownFileType = sourcecode.swift; path = FriendStatusPollingManager.swift; sourceTree = "<group>"; };
		2C87C2782B1C794000A26313 /* UpdateFriend.swift */ = {isa = PBXFileReference; lastKnownFileType = sourcecode.swift; path = UpdateFriend.swift; sourceTree = "<group>"; };
		2C88DCF12B124238000B4686 /* AppFlowCoordinator.swift */ = {isa = PBXFileReference; lastKnownFileType = sourcecode.swift; path = AppFlowCoordinator.swift; sourceTree = "<group>"; };
		2C88DCF32B124272000B4686 /* AppDIContainer.swift */ = {isa = PBXFileReference; lastKnownFileType = sourcecode.swift; path = AppDIContainer.swift; sourceTree = "<group>"; };
		2C88DCF52B124292000B4686 /* TimerSceneDIContainer.swift */ = {isa = PBXFileReference; lastKnownFileType = sourcecode.swift; path = TimerSceneDIContainer.swift; sourceTree = "<group>"; };
		2C88DCF82B1242DA000B4686 /* TimerFlowCoordinator.swift */ = {isa = PBXFileReference; lastKnownFileType = sourcecode.swift; path = TimerFlowCoordinator.swift; sourceTree = "<group>"; };
		2C88DCFA2B124451000B4686 /* LoginDIContainer.swift */ = {isa = PBXFileReference; lastKnownFileType = sourcecode.swift; path = LoginDIContainer.swift; sourceTree = "<group>"; };
		2C88DCFD2B1244A6000B4686 /* LoginFlowCoordinator.swift */ = {isa = PBXFileReference; lastKnownFileType = sourcecode.swift; path = LoginFlowCoordinator.swift; sourceTree = "<group>"; };
		2C88DD042B1256D0000B4686 /* TabBarFlowCoordinator.swift */ = {isa = PBXFileReference; lastKnownFileType = sourcecode.swift; path = TabBarFlowCoordinator.swift; sourceTree = "<group>"; };
		2C88DD062B125781000B4686 /* TabBarDIContainer.swift */ = {isa = PBXFileReference; lastKnownFileType = sourcecode.swift; path = TabBarDIContainer.swift; sourceTree = "<group>"; };
		2C88DD082B1274FA000B4686 /* CategorySettingCoordinator.swift */ = {isa = PBXFileReference; lastKnownFileType = sourcecode.swift; path = CategorySettingCoordinator.swift; sourceTree = "<group>"; };
		2C88DD0A2B1340E4000B4686 /* CategoryDIContainer.swift */ = {isa = PBXFileReference; lastKnownFileType = sourcecode.swift; path = CategoryDIContainer.swift; sourceTree = "<group>"; };
		2C88DD0C2B148E9B000B4686 /* TimerFinishViewController.swift */ = {isa = PBXFileReference; lastKnownFileType = sourcecode.swift; path = TimerFinishViewController.swift; sourceTree = "<group>"; };
		2C88DD0E2B14C22C000B4686 /* TimerFinishViewModel.swift */ = {isa = PBXFileReference; lastKnownFileType = sourcecode.swift; path = TimerFinishViewModel.swift; sourceTree = "<group>"; };
		2C8D20F42B678A6C00632718 /* LabelListView.swift */ = {isa = PBXFileReference; lastKnownFileType = sourcecode.swift; path = LabelListView.swift; sourceTree = "<group>"; };
		2C8D21D82B735E2B00632718 /* BarChartView.swift */ = {isa = PBXFileReference; lastKnownFileType = sourcecode.swift; path = BarChartView.swift; sourceTree = "<group>"; };
		2C9F61F62B14EFA200AE63F9 /* CategoryManager.swift */ = {isa = PBXFileReference; lastKnownFileType = sourcecode.swift; path = CategoryManager.swift; sourceTree = "<group>"; };
		2C9F61F82B14F33600AE63F9 /* CategoryManageable.swift */ = {isa = PBXFileReference; lastKnownFileType = sourcecode.swift; path = CategoryManageable.swift; sourceTree = "<group>"; };
		2C9F61FA2B15C96100AE63F9 /* CategoryModifyViewModel.swift */ = {isa = PBXFileReference; lastKnownFileType = sourcecode.swift; path = CategoryModifyViewModel.swift; sourceTree = "<group>"; };
		2C9F61FD2B15F48600AE63F9 /* FriendAddViewController.swift */ = {isa = PBXFileReference; lastKnownFileType = sourcecode.swift; path = FriendAddViewController.swift; sourceTree = "<group>"; };
		2C9F62002B1601F200AE63F9 /* MyNickNameView.swift */ = {isa = PBXFileReference; lastKnownFileType = sourcecode.swift; path = MyNickNameView.swift; sourceTree = "<group>"; };
		2C9F62022B16021E00AE63F9 /* FriendSearchResultView.swift */ = {isa = PBXFileReference; lastKnownFileType = sourcecode.swift; path = FriendSearchResultView.swift; sourceTree = "<group>"; };
		2C9F62042B160B3900AE63F9 /* NoResultView.swift */ = {isa = PBXFileReference; lastKnownFileType = sourcecode.swift; path = NoResultView.swift; sourceTree = "<group>"; };
		2C9F62072B16398D00AE63F9 /* FreindAddResultViewProtocol.swift */ = {isa = PBXFileReference; lastKnownFileType = sourcecode.swift; path = FreindAddResultViewProtocol.swift; sourceTree = "<group>"; };
		2C9F620A2B171C8300AE63F9 /* FriendAddViewModel.swift */ = {isa = PBXFileReference; lastKnownFileType = sourcecode.swift; path = FriendAddViewModel.swift; sourceTree = "<group>"; };
		2C9F622E2B17505B00AE63F9 /* FriendAddViewModelTests.swift */ = {isa = PBXFileReference; lastKnownFileType = sourcecode.swift; path = FriendAddViewModelTests.swift; sourceTree = "<group>"; };
		2CB4AFE12B64D3CD003F5D0F /* LabelView.swift */ = {isa = PBXFileReference; lastKnownFileType = sourcecode.swift; path = LabelView.swift; sourceTree = "<group>"; };
		2CB4AFE32B64E94A003F5D0F /* CustonChartView.swift */ = {isa = PBXFileReference; lastKnownFileType = sourcecode.swift; path = CustonChartView.swift; sourceTree = "<group>"; };
		2CD272EE2B21A619000CB9E5 /* en */ = {isa = PBXFileReference; lastKnownFileType = text.plist.strings; name = en; path = en.lproj/Localizable.strings; sourceTree = "<group>"; };
		2CD272F02B21A622000CB9E5 /* ko */ = {isa = PBXFileReference; lastKnownFileType = text.plist.strings; name = ko; path = ko.lproj/Localizable.strings; sourceTree = "<group>"; };
		2CD272F12B21A62B000CB9E5 /* ja */ = {isa = PBXFileReference; lastKnownFileType = text.plist.strings; name = ja; path = ja.lproj/Localizable.strings; sourceTree = "<group>"; };
		2CDCD03C2B1871E60080DCDE /* SocialDIContainer.swift */ = {isa = PBXFileReference; lastKnownFileType = sourcecode.swift; path = SocialDIContainer.swift; sourceTree = "<group>"; };
		2CDCD03F2B1872060080DCDE /* SocialFlowCoordinator.swift */ = {isa = PBXFileReference; lastKnownFileType = sourcecode.swift; path = SocialFlowCoordinator.swift; sourceTree = "<group>"; };
		2CDCD0412B1873F60080DCDE /* SocialViewModel.swift */ = {isa = PBXFileReference; lastKnownFileType = sourcecode.swift; path = SocialViewModel.swift; sourceTree = "<group>"; };
		2CDCD0662B18D0330080DCDE /* FriendUser.swift */ = {isa = PBXFileReference; lastKnownFileType = sourcecode.swift; path = FriendUser.swift; sourceTree = "<group>"; };
		2CDCD0682B18D0D10080DCDE /* FriendSearchItem.swift */ = {isa = PBXFileReference; lastKnownFileType = sourcecode.swift; path = FriendSearchItem.swift; sourceTree = "<group>"; };
		2CE0E5BC2B833602000D231C /* LineChartView.swift */ = {isa = PBXFileReference; lastKnownFileType = sourcecode.swift; path = LineChartView.swift; sourceTree = "<group>"; };
		2CE84EEE2B0B742A00E2FB71 /* CategorySettingViewController.swift */ = {isa = PBXFileReference; lastKnownFileType = sourcecode.swift; path = CategorySettingViewController.swift; sourceTree = "<group>"; };
		2CE84EF62B0B7F3C00E2FB71 /* CategorySettingSection.swift */ = {isa = PBXFileReference; lastKnownFileType = sourcecode.swift; path = CategorySettingSection.swift; sourceTree = "<group>"; };
		2CE84EF82B0B8A0B00E2FB71 /* CategorySettingFooterView.swift */ = {isa = PBXFileReference; lastKnownFileType = sourcecode.swift; path = CategorySettingFooterView.swift; sourceTree = "<group>"; };
		2CE91C722B25971000EACCD7 /* UserInfoManager.swift */ = {isa = PBXFileReference; lastKnownFileType = sourcecode.swift; path = UserInfoManager.swift; sourceTree = "<group>"; };
		2CE91C742B25AE9700EACCD7 /* DoneButton.swift */ = {isa = PBXFileReference; lastKnownFileType = sourcecode.swift; path = DoneButton.swift; sourceTree = "<group>"; };
		600908BA2AFCD7DF0065DFFB /* FlipMate.app */ = {isa = PBXFileReference; explicitFileType = wrapper.application; includeInIndex = 0; path = FlipMate.app; sourceTree = BUILT_PRODUCTS_DIR; };
		600908BD2AFCD7DF0065DFFB /* AppDelegate.swift */ = {isa = PBXFileReference; lastKnownFileType = sourcecode.swift; path = AppDelegate.swift; sourceTree = "<group>"; };
		600908BF2AFCD7DF0065DFFB /* SceneDelegate.swift */ = {isa = PBXFileReference; lastKnownFileType = sourcecode.swift; path = SceneDelegate.swift; sourceTree = "<group>"; };
		600908C12AFCD7DF0065DFFB /* ViewController.swift */ = {isa = PBXFileReference; lastKnownFileType = sourcecode.swift; path = ViewController.swift; sourceTree = "<group>"; };
		600908C92AFCD7E00065DFFB /* Base */ = {isa = PBXFileReference; lastKnownFileType = file.storyboard; name = Base; path = Base.lproj/LaunchScreen.storyboard; sourceTree = "<group>"; };
		600908CB2AFCD7E00065DFFB /* Info.plist */ = {isa = PBXFileReference; lastKnownFileType = text.plist.xml; path = Info.plist; sourceTree = "<group>"; };
		600908D02AFCD7E00065DFFB /* FlipMateTests.xctest */ = {isa = PBXFileReference; explicitFileType = wrapper.cfbundle; includeInIndex = 0; path = FlipMateTests.xctest; sourceTree = BUILT_PRODUCTS_DIR; };
		601773E32B021E6000D175D9 /* TimerViewController.swift */ = {isa = PBXFileReference; lastKnownFileType = sourcecode.swift; path = TimerViewController.swift; sourceTree = "<group>"; };
		601EB73A2B148F9A00C5B216 /* SignUpViewModel.swift */ = {isa = PBXFileReference; lastKnownFileType = sourcecode.swift; path = SignUpViewModel.swift; sourceTree = "<group>"; };
		601F396A2BF3836F001689A0 /* Core */ = {isa = PBXFileReference; lastKnownFileType = wrapper; name = Core; path = FlipMate/Core; sourceTree = "<group>"; };
		6020C7632B21C1D400F58AD0 /* MyPageHeaderView.swift */ = {isa = PBXFileReference; lastKnownFileType = sourcecode.swift; path = MyPageHeaderView.swift; sourceTree = "<group>"; };
		60243EEF2B05D24D0098A92F /* .swiftlint.yml */ = {isa = PBXFileReference; lastKnownFileType = text.yaml; path = .swiftlint.yml; sourceTree = "<group>"; };
		602BF08C2BF4FB5B0088050A /* Network */ = {isa = PBXFileReference; lastKnownFileType = wrapper; name = Network; path = FlipMate/Network; sourceTree = "<group>"; };
		60459D462B21A17C00A80AF7 /* MyPageFlowCoordinator.swift */ = {isa = PBXFileReference; lastKnownFileType = sourcecode.swift; path = MyPageFlowCoordinator.swift; sourceTree = "<group>"; };
		60459D482B21A28400A80AF7 /* MyPageDIContainer.swift */ = {isa = PBXFileReference; lastKnownFileType = sourcecode.swift; path = MyPageDIContainer.swift; sourceTree = "<group>"; };
		605F88492B297DA5008975DC /* FlipMate.entitlements */ = {isa = PBXFileReference; lastKnownFileType = text.plist.entitlements; path = FlipMate.entitlements; sourceTree = "<group>"; };
		6067DD822B2737F9004625AF /* Selection.ahap */ = {isa = PBXFileReference; lastKnownFileType = text; path = Selection.ahap; sourceTree = "<group>"; };
		606990562B18918B00E5730F /* MyPageViewController.swift */ = {isa = PBXFileReference; lastKnownFileType = sourcecode.swift; path = MyPageViewController.swift; sourceTree = "<group>"; };
		6096F91D2B04F3CA00D0B972 /* FaceDown.ahap */ = {isa = PBXFileReference; lastKnownFileType = text; path = FaceDown.ahap; sourceTree = "<group>"; };
		60C2F2852B172D6900EBDD78 /* FriendsCollectionViewCell.swift */ = {isa = PBXFileReference; lastKnownFileType = sourcecode.swift; path = FriendsCollectionViewCell.swift; sourceTree = "<group>"; };
		60C791892B5810FA0019E81F /* DummyUseCases.swift */ = {isa = PBXFileReference; lastKnownFileType = sourcecode.swift; path = DummyUseCases.swift; sourceTree = "<group>"; };
		60C7918C2B5819F10019E81F /* DummyManagers.swift */ = {isa = PBXFileReference; lastKnownFileType = sourcecode.swift; path = DummyManagers.swift; sourceTree = "<group>"; };
		60DC013D2BF842F6007C90A2 /* Domain */ = {isa = PBXFileReference; lastKnownFileType = wrapper; name = Domain; path = FlipMate/Domain; sourceTree = "<group>"; };
		60EB7F512B1EFEDA00F8C613 /* MyPageTableViewCell.swift */ = {isa = PBXFileReference; lastKnownFileType = sourcecode.swift; path = MyPageTableViewCell.swift; sourceTree = "<group>"; };
		60EB7F552B1F053800F8C613 /* MyPageViewModel.swift */ = {isa = PBXFileReference; lastKnownFileType = sourcecode.swift; path = MyPageViewModel.swift; sourceTree = "<group>"; };
		60EB7F5A2B1F19D900F8C613 /* ProfileSettingsViewController.swift */ = {isa = PBXFileReference; lastKnownFileType = sourcecode.swift; path = ProfileSettingsViewController.swift; sourceTree = "<group>"; };
		60EB7F5C2B1F4F9E00F8C613 /* ProfileSettingsViewModel.swift */ = {isa = PBXFileReference; lastKnownFileType = sourcecode.swift; path = ProfileSettingsViewModel.swift; sourceTree = "<group>"; };
		60F6FD722B0B5E130057CE0B /* SignUpViewController.swift */ = {isa = PBXFileReference; lastKnownFileType = sourcecode.swift; path = SignUpViewController.swift; sourceTree = "<group>"; };
		60FBEE492B4B826F006B1CF9 /* LoginViewModelTests.swift */ = {isa = PBXFileReference; lastKnownFileType = sourcecode.swift; path = LoginViewModelTests.swift; sourceTree = "<group>"; };
		60FBEE4B2B4B829B006B1CF9 /* SignUpViewModelTests.swift */ = {isa = PBXFileReference; lastKnownFileType = sourcecode.swift; path = SignUpViewModelTests.swift; sourceTree = "<group>"; };
		60FBEE4D2B4B82B1006B1CF9 /* TimerViewModelTests.swift */ = {isa = PBXFileReference; lastKnownFileType = sourcecode.swift; path = TimerViewModelTests.swift; sourceTree = "<group>"; };
		60FE50402C020EC200AA2475 /* Timer */ = {isa = PBXFileReference; lastKnownFileType = wrapper; name = Timer; path = FlipMate/Timer; sourceTree = SOURCE_ROOT; };
		ED3595BC2B0DB29F00558FAA /* CategoryModifyViewController.swift */ = {isa = PBXFileReference; lastKnownFileType = sourcecode.swift; path = CategoryModifyViewController.swift; sourceTree = "<group>"; };
		ED3595C02B0DC2F100558FAA /* CategoryColorSelectView.swift */ = {isa = PBXFileReference; lastKnownFileType = sourcecode.swift; path = CategoryColorSelectView.swift; sourceTree = "<group>"; };
		ED38422B2B0F4531001E2803 /* LoginViewModel.swift */ = {isa = PBXFileReference; lastKnownFileType = sourcecode.swift; path = LoginViewModel.swift; sourceTree = "<group>"; };
		ED68659C2B15E928001A2AAD /* SocialDetailViewController.swift */ = {isa = PBXFileReference; lastKnownFileType = sourcecode.swift; path = SocialDetailViewController.swift; sourceTree = "<group>"; };
		ED6865AC2B179600001A2AAD /* SocialDetailViewModel.swift */ = {isa = PBXFileReference; lastKnownFileType = sourcecode.swift; path = SocialDetailViewModel.swift; sourceTree = "<group>"; };
		ED6865BE2B1E2FA6001A2AAD /* ChartSegmentedControl.swift */ = {isa = PBXFileReference; lastKnownFileType = sourcecode.swift; path = ChartSegmentedControl.swift; sourceTree = "<group>"; };
		ED6865CF2B1F1429001A2AAD /* ChartDIContainer.swift */ = {isa = PBXFileReference; lastKnownFileType = sourcecode.swift; path = ChartDIContainer.swift; sourceTree = "<group>"; };
		ED6865D22B1F1464001A2AAD /* ChartFlowCoordinator.swift */ = {isa = PBXFileReference; lastKnownFileType = sourcecode.swift; path = ChartFlowCoordinator.swift; sourceTree = "<group>"; };
		ED6865D52B1F14CF001A2AAD /* ChartViewModel.swift */ = {isa = PBXFileReference; lastKnownFileType = sourcecode.swift; path = ChartViewModel.swift; sourceTree = "<group>"; };
		ED9B2A802B06048D008FE1C5 /* CategoryViewModel.swift */ = {isa = PBXFileReference; lastKnownFileType = sourcecode.swift; path = CategoryViewModel.swift; sourceTree = "<group>"; };
		EDC851C62B021492009031EA /* TabBarViewController.swift */ = {isa = PBXFileReference; lastKnownFileType = sourcecode.swift; path = TabBarViewController.swift; sourceTree = "<group>"; };
		EDC851D12B04EE83009031EA /* CategoryListCollectionViewCell.swift */ = {isa = PBXFileReference; lastKnownFileType = sourcecode.swift; path = CategoryListCollectionViewCell.swift; sourceTree = "<group>"; };
		EDC851D82B05C37C009031EA /* DeviceMotionManager.swift */ = {isa = PBXFileReference; fileEncoding = 4; lastKnownFileType = sourcecode.swift; name = DeviceMotionManager.swift; path = FlipMate/Presentation/Utils/MotionManager/DeviceMotionManager.swift; sourceTree = SOURCE_ROOT; };
		EDDAD39B2B4D2E43003A9D18 /* PrivacyPolicyViewController.swift */ = {isa = PBXFileReference; lastKnownFileType = sourcecode.swift; path = PrivacyPolicyViewController.swift; sourceTree = "<group>"; };
/* End PBXFileReference section */

/* Begin PBXFrameworksBuildPhase section */
		600908B72AFCD7DF0065DFFB /* Frameworks */ = {
			isa = PBXFrameworksBuildPhase;
			buildActionMask = 2147483647;
			files = (
				2C04FF5C2BF78E6F0065075F /* DesignSystem in Frameworks */,
				60C368E82BFBA1DA008C76ED /* Domain in Frameworks */,
				604309E82BF1AFE800768D87 /* GoogleSignInSwift in Frameworks */,
				601F39742BF399B9001689A0 /* Core in Frameworks */,
				60BB72782BEA709D00E2A7E9 /* FMImageProvider in Frameworks */,
				604309E62BF1AFE800768D87 /* GoogleSignIn in Frameworks */,
				2C6549C02BFDD6E900105D5A /* Data in Frameworks */,
				6071B1C72BF73BF10044574F /* Network in Frameworks */,
			);
			runOnlyForDeploymentPostprocessing = 0;
		};
		600908CD2AFCD7E00065DFFB /* Frameworks */ = {
			isa = PBXFrameworksBuildPhase;
			buildActionMask = 2147483647;
			files = (
				601F39762BF39E4F001689A0 /* Core in Frameworks */,
			);
			runOnlyForDeploymentPostprocessing = 0;
		};
/* End PBXFrameworksBuildPhase section */

/* Begin PBXGroup section */
		2C2176E12B5AC147000422F9 /* CalendarManager */ = {
			isa = PBXGroup;
			children = (
				2C2176E22B5AC156000422F9 /* CalendarManager.swift */,
			);
			path = CalendarManager;
			sourceTree = "<group>";
		};
		2C277AC22B4ABC9100567CAC /* Model */ = {
			isa = PBXGroup;
			children = (
				2C277AC32B4ABCAD00567CAC /* WeeklySection.swift */,
			);
			path = Model;
			sourceTree = "<group>";
		};
		2C43A0D62B037BA50005596A /* FeedbackManager */ = {
			isa = PBXGroup;
			children = (
				2C43A0D72B037BBC0005596A /* FeedbackManager.swift */,
			);
			path = FeedbackManager;
			sourceTree = "<group>";
		};
		2C4D55AC2B0348D1006D7C26 /* ViewModel */ = {
			isa = PBXGroup;
			children = (
				2C4D55AF2B0348FB006D7C26 /* TimerViewModel.swift */,
				ED9B2A802B06048D008FE1C5 /* CategoryViewModel.swift */,
				2C88DD0E2B14C22C000B4686 /* TimerFinishViewModel.swift */,
				2C9F61FA2B15C96100AE63F9 /* CategoryModifyViewModel.swift */,
			);
			path = ViewModel;
			sourceTree = "<group>";
		};
		2C4D55AE2B0348EC006D7C26 /* ViewController */ = {
			isa = PBXGroup;
			children = (
				601773E32B021E6000D175D9 /* TimerViewController.swift */,
				2CE84EEE2B0B742A00E2FB71 /* CategorySettingViewController.swift */,
				ED3595BC2B0DB29F00558FAA /* CategoryModifyViewController.swift */,
				2C88DD0C2B148E9B000B4686 /* TimerFinishViewController.swift */,
			);
			path = ViewController;
			sourceTree = "<group>";
		};
		2C4D55B12B035476006D7C26 /* Model */ = {
			isa = PBXGroup;
			children = (
				2C4D55B22B035484006D7C26 /* DeviceOrientation.swift */,
				2CE84EF62B0B7F3C00E2FB71 /* CategorySettingSection.swift */,
			);
			path = Model;
			sourceTree = "<group>";
		};
		2C5CDA462B0252B2007AFC57 /* ViewController */ = {
			isa = PBXGroup;
			children = (
				2C5CDA472B0252B2007AFC57 /* LoginViewController.swift */,
				60F6FD722B0B5E130057CE0B /* SignUpViewController.swift */,
			);
			path = ViewController;
			sourceTree = "<group>";
		};
		2C5CDA492B0252C1007AFC57 /* Model */ = {
			isa = PBXGroup;
			children = (
				2C5CDA4A2B0252C1007AFC57 /* LoginType.swift */,
			);
			path = Model;
			sourceTree = "<group>";
		};
		2C5CDA4D2B0253F5007AFC57 /* ViewController */ = {
			isa = PBXGroup;
			children = (
				2C5CDA4E2B025403007AFC57 /* SocialViewController.swift */,
				ED68659C2B15E928001A2AAD /* SocialDetailViewController.swift */,
				2C9F61FD2B15F48600AE63F9 /* FriendAddViewController.swift */,
			);
			path = ViewController;
			sourceTree = "<group>";
		};
		2C5CDA592B025435007AFC57 /* ViewController */ = {
			isa = PBXGroup;
			children = (
				2C5CDA5A2B025440007AFC57 /* ChartViewController.swift */,
			);
			path = ViewController;
			sourceTree = "<group>";
		};
		2C801D812B04C62900A7ABAE /* TimerManager */ = {
			isa = PBXGroup;
			children = (
				2C801D822B04C64F00A7ABAE /* TimerManager.swift */,
			);
			path = TimerManager;
			sourceTree = "<group>";
		};
		2C87C2752B1C788700A26313 /* FriendStatusPollingManager */ = {
			isa = PBXGroup;
			children = (
				2C87C2762B1C789A00A26313 /* FriendStatusPollingManager.swift */,
			);
			path = FriendStatusPollingManager;
			sourceTree = "<group>";
		};
		2C88DCF72B1242C7000B4686 /* Flows */ = {
			isa = PBXGroup;
			children = (
			);
			path = Flows;
			sourceTree = "<group>";
		};
		2C88DCFC2B124498000B4686 /* Flows */ = {
			isa = PBXGroup;
			children = (
				2C88DCFD2B1244A6000B4686 /* LoginFlowCoordinator.swift */,
			);
			path = Flows;
			sourceTree = "<group>";
		};
		2C88DD012B1256B5000B4686 /* TabBar */ = {
			isa = PBXGroup;
			children = (
				2C88DD032B1256C4000B4686 /* Flows */,
				2C88DD022B1256BD000B4686 /* ViewController */,
			);
			path = TabBar;
			sourceTree = "<group>";
		};
		2C88DD022B1256BD000B4686 /* ViewController */ = {
			isa = PBXGroup;
			children = (
				EDC851C62B021492009031EA /* TabBarViewController.swift */,
			);
			path = ViewController;
			sourceTree = "<group>";
		};
		2C88DD032B1256C4000B4686 /* Flows */ = {
			isa = PBXGroup;
			children = (
				2C88DD042B1256D0000B4686 /* TabBarFlowCoordinator.swift */,
			);
			path = Flows;
			sourceTree = "<group>";
		};
		2C9F61F52B14EA9800AE63F9 /* CategoryManager */ = {
			isa = PBXGroup;
			children = (
				2C9F61F62B14EFA200AE63F9 /* CategoryManager.swift */,
			);
			path = CategoryManager;
			sourceTree = "<group>";
		};
		2C9F61FF2B1601E800AE63F9 /* View */ = {
			isa = PBXGroup;
			children = (
				2C9F62002B1601F200AE63F9 /* MyNickNameView.swift */,
				2C1F2BBA2B20D8D60026C30B /* SocialUserInfoHeaderView.swift */,
				2C9F62022B16021E00AE63F9 /* FriendSearchResultView.swift */,
				2C9F62042B160B3900AE63F9 /* NoResultView.swift */,
				60C2F2852B172D6900EBDD78 /* FriendsCollectionViewCell.swift */,
				2CE0E5BC2B833602000D231C /* LineChartView.swift */,
			);
			path = View;
			sourceTree = "<group>";
		};
		2C9F62062B16397400AE63F9 /* Protocol */ = {
			isa = PBXGroup;
			children = (
				2C9F62072B16398D00AE63F9 /* FreindAddResultViewProtocol.swift */,
			);
			path = Protocol;
			sourceTree = "<group>";
		};
		2C9F62092B171C4D00AE63F9 /* ViewModel */ = {
			isa = PBXGroup;
			children = (
				ED6865AC2B179600001A2AAD /* SocialDetailViewModel.swift */,
				2CDCD0412B1873F60080DCDE /* SocialViewModel.swift */,
				2C9F620A2B171C8300AE63F9 /* FriendAddViewModel.swift */,
			);
			path = ViewModel;
			sourceTree = "<group>";
		};
		2C9F62282B174FDB00AE63F9 /* FlipMateViewModelTests */ = {
			isa = PBXGroup;
			children = (
				60C7918B2B5819E70019E81F /* DummyManagers */,
				60C791882B5810EB0019E81F /* DummyUseCases */,
				60FBEE462B4B81EF006B1CF9 /* LoginScene */,
				60FBEE472B4B81F9006B1CF9 /* TimerScene */,
				60FBEE482B4B821E006B1CF9 /* ChartScene */,
				2C9F62322B17512E00AE63F9 /* SocialScene */,
				60FBEE572B4BCC8C006B1CF9 /* MyPageScene */,
			);
			path = FlipMateViewModelTests;
			sourceTree = "<group>";
		};
		2C9F62322B17512E00AE63F9 /* SocialScene */ = {
			isa = PBXGroup;
			children = (
				2C9F622E2B17505B00AE63F9 /* FriendAddViewModelTests.swift */,
			);
			path = SocialScene;
			sourceTree = "<group>";
		};
		2CDCD03E2B1871FB0080DCDE /* Flow */ = {
			isa = PBXGroup;
			children = (
				2CDCD03F2B1872060080DCDE /* SocialFlowCoordinator.swift */,
			);
			path = Flow;
			sourceTree = "<group>";
		};
		2CDCD0652B18D0280080DCDE /* Model */ = {
			isa = PBXGroup;
			children = (
				2CDCD0662B18D0330080DCDE /* FriendUser.swift */,
				2CDCD0682B18D0D10080DCDE /* FriendSearchItem.swift */,
				2C87C2782B1C794000A26313 /* UpdateFriend.swift */,
				2C1F2BBC2B20DA770026C30B /* ProfileHeaderItem.swift */,
			);
			path = Model;
			sourceTree = "<group>";
		};
		2CE91C712B25970700EACCD7 /* UserInfoManager */ = {
			isa = PBXGroup;
			children = (
				2CE91C722B25971000EACCD7 /* UserInfoManager.swift */,
			);
			path = UserInfoManager;
			sourceTree = "<group>";
		};
		600908B12AFCD7DF0065DFFB = {
			isa = PBXGroup;
			children = (
				60243EEF2B05D24D0098A92F /* .swiftlint.yml */,
				600908BC2AFCD7DF0065DFFB /* FlipMate */,
				60FE503F2C01C7B600AA2475 /* Feature */,
				60DC013D2BF842F6007C90A2 /* Domain */,
				2C24ECCF2BFDD4E4000664BC /* Data */,
				2C04FF5A2BF78AAE0065075F /* DesignSystem */,
				602BF08C2BF4FB5B0088050A /* Network */,
				601F396A2BF3836F001689A0 /* Core */,
				600908D32AFCD7E00065DFFB /* FlipMateTests */,
				600908BB2AFCD7DF0065DFFB /* Products */,
				601F396B2BF386DC001689A0 /* Frameworks */,
			);
			sourceTree = "<group>";
		};
		600908BB2AFCD7DF0065DFFB /* Products */ = {
			isa = PBXGroup;
			children = (
				600908BA2AFCD7DF0065DFFB /* FlipMate.app */,
				600908D02AFCD7E00065DFFB /* FlipMateTests.xctest */,
			);
			name = Products;
			sourceTree = "<group>";
		};
		600908BC2AFCD7DF0065DFFB /* FlipMate */ = {
			isa = PBXGroup;
			children = (
				605F88492B297DA5008975DC /* FlipMate.entitlements */,
				600908ED2AFCDB6E0065DFFB /* Application */,
				600908EF2AFCDBC90065DFFB /* Presentation */,
				600908EE2AFCDBAB0065DFFB /* Resources */,
				6067DD822B2737F9004625AF /* Selection.ahap */,
				6096F91D2B04F3CA00D0B972 /* FaceDown.ahap */,
			);
			path = FlipMate;
			sourceTree = "<group>";
		};
		600908D32AFCD7E00065DFFB /* FlipMateTests */ = {
			isa = PBXGroup;
			children = (
				2C9F62282B174FDB00AE63F9 /* FlipMateViewModelTests */,
			);
			path = FlipMateTests;
			sourceTree = "<group>";
		};
		600908ED2AFCDB6E0065DFFB /* Application */ = {
			isa = PBXGroup;
			children = (
				600908BD2AFCD7DF0065DFFB /* AppDelegate.swift */,
				600908BF2AFCD7DF0065DFFB /* SceneDelegate.swift */,
				6037BB542C0997AA00BE37AC /* Coordinator */,
				600909042AFCE0AB0065DFFB /* DIContainer */,
			);
			path = Application;
			sourceTree = "<group>";
		};
		600908EE2AFCDBAB0065DFFB /* Resources */ = {
			isa = PBXGroup;
			children = (
				600908C82AFCD7E00065DFFB /* LaunchScreen.storyboard */,
				600908CB2AFCD7E00065DFFB /* Info.plist */,
				2CD272EF2B21A619000CB9E5 /* Localizable.strings */,
			);
			path = Resources;
			sourceTree = "<group>";
		};
		600908EF2AFCDBC90065DFFB /* Presentation */ = {
			isa = PBXGroup;
			children = (
				2C88DD012B1256B5000B4686 /* TabBar */,
				600908F62AFCDDDC0065DFFB /* Splash */,
				600908F42AFCDCFA0065DFFB /* LoginScene */,
				600908F12AFCDCD80065DFFB /* TimerScene */,
				600908F32AFCDCE70065DFFB /* ChartScene */,
				600908F22AFCDCE10065DFFB /* SocialScene */,
				600908F52AFCDD0A0065DFFB /* MyPageScene */,
				600908FE2AFCDF8D0065DFFB /* Utils */,
			);
			path = Presentation;
			sourceTree = "<group>";
		};
		600908F12AFCDCD80065DFFB /* TimerScene */ = {
			isa = PBXGroup;
			children = (
				2C88DCF72B1242C7000B4686 /* Flows */,
				2C4D55B12B035476006D7C26 /* Model */,
				EDC851D02B04EE74009031EA /* View */,
				2C4D55AC2B0348D1006D7C26 /* ViewModel */,
				2C4D55AE2B0348EC006D7C26 /* ViewController */,
			);
			path = TimerScene;
			sourceTree = "<group>";
		};
		600908F22AFCDCE10065DFFB /* SocialScene */ = {
			isa = PBXGroup;
			children = (
				2CDCD0652B18D0280080DCDE /* Model */,
				2CDCD03E2B1871FB0080DCDE /* Flow */,
				2C9F62062B16397400AE63F9 /* Protocol */,
				2C9F61FF2B1601E800AE63F9 /* View */,
				2C9F62092B171C4D00AE63F9 /* ViewModel */,
				2C5CDA4D2B0253F5007AFC57 /* ViewController */,
			);
			path = SocialScene;
			sourceTree = "<group>";
		};
		600908F32AFCDCE70065DFFB /* ChartScene */ = {
			isa = PBXGroup;
			children = (
				2C277AC22B4ABC9100567CAC /* Model */,
				ED6865D12B1F1459001A2AAD /* Flow */,
				ED6865D42B1F14C3001A2AAD /* ViewModel */,
				ED6865BB2B1DEE2A001A2AAD /* View */,
				2C5CDA592B025435007AFC57 /* ViewController */,
			);
			path = ChartScene;
			sourceTree = "<group>";
		};
		600908F42AFCDCFA0065DFFB /* LoginScene */ = {
			isa = PBXGroup;
			children = (
				2C88DCFC2B124498000B4686 /* Flows */,
				2C5CDA492B0252C1007AFC57 /* Model */,
				ED38422A2B0F451F001E2803 /* ViewModel */,
				2C5CDA462B0252B2007AFC57 /* ViewController */,
			);
			path = LoginScene;
			sourceTree = "<group>";
		};
		600908F52AFCDD0A0065DFFB /* MyPageScene */ = {
			isa = PBXGroup;
			children = (
				60EB7F572B1F167100F8C613 /* Flow */,
				60EB7F4C2B1EFD0F00F8C613 /* View */,
				60EB7F542B1F052900F8C613 /* ViewModel */,
				60EB7F532B1F051F00F8C613 /* ViewController */,
			);
			path = MyPageScene;
			sourceTree = "<group>";
		};
		600908F62AFCDDDC0065DFFB /* Splash */ = {
			isa = PBXGroup;
			children = (
				600908C12AFCD7DF0065DFFB /* ViewController.swift */,
			);
			path = Splash;
			sourceTree = "<group>";
		};
		600908FE2AFCDF8D0065DFFB /* Utils */ = {
			isa = PBXGroup;
			children = (
				2C2176E12B5AC147000422F9 /* CalendarManager */,
				2CE91C712B25970700EACCD7 /* UserInfoManager */,
				2C87C2752B1C788700A26313 /* FriendStatusPollingManager */,
				2C9F61F52B14EA9800AE63F9 /* CategoryManager */,
				2C801D812B04C62900A7ABAE /* TimerManager */,
				EDC851D72B05C357009031EA /* DeviceMotionManager */,
				2C43A0D62B037BA50005596A /* FeedbackManager */,
				600908FF2AFCDF990065DFFB /* Extensions */,
				600909002AFCDFA10065DFFB /* Protocols */,
			);
			path = Utils;
			sourceTree = "<group>";
		};
		600908FF2AFCDF990065DFFB /* Extensions */ = {
			isa = PBXGroup;
			children = (
			);
			path = Extensions;
			sourceTree = "<group>";
		};
		600909002AFCDFA10065DFFB /* Protocols */ = {
			isa = PBXGroup;
			children = (
				2C9F61F82B14F33600AE63F9 /* CategoryManageable.swift */,
			);
			path = Protocols;
			sourceTree = "<group>";
		};
		600909042AFCE0AB0065DFFB /* DIContainer */ = {
			isa = PBXGroup;
			children = (
				2C88DCF32B124272000B4686 /* AppDIContainer.swift */,
				2C88DCF52B124292000B4686 /* TimerSceneDIContainer.swift */,
				2C88DCFA2B124451000B4686 /* LoginDIContainer.swift */,
				2C88DD062B125781000B4686 /* TabBarDIContainer.swift */,
				2C88DD0A2B1340E4000B4686 /* CategoryDIContainer.swift */,
				2CDCD03C2B1871E60080DCDE /* SocialDIContainer.swift */,
				60459D482B21A28400A80AF7 /* MyPageDIContainer.swift */,
				ED6865CF2B1F1429001A2AAD /* ChartDIContainer.swift */,
			);
			path = DIContainer;
			sourceTree = "<group>";
		};
		601F396B2BF386DC001689A0 /* Frameworks */ = {
			isa = PBXGroup;
			children = (
			);
			name = Frameworks;
			sourceTree = "<group>";
		};
		6037BB542C0997AA00BE37AC /* Coordinator */ = {
			isa = PBXGroup;
			children = (
				2C88DCF12B124238000B4686 /* AppFlowCoordinator.swift */,
				6037BB552C09992B00BE37AC /* TimerFlow */,
			);
			path = Coordinator;
			sourceTree = "<group>";
		};
		6037BB552C09992B00BE37AC /* TimerFlow */ = {
			isa = PBXGroup;
			children = (
				2C88DCF82B1242DA000B4686 /* TimerFlowCoordinator.swift */,
				2C88DD082B1274FA000B4686 /* CategorySettingCoordinator.swift */,
			);
			path = TimerFlow;
			sourceTree = "<group>";
		};
		60C791882B5810EB0019E81F /* DummyUseCases */ = {
			isa = PBXGroup;
			children = (
				60C791892B5810FA0019E81F /* DummyUseCases.swift */,
			);
			path = DummyUseCases;
			sourceTree = "<group>";
		};
		60C7918B2B5819E70019E81F /* DummyManagers */ = {
			isa = PBXGroup;
			children = (
				60C7918C2B5819F10019E81F /* DummyManagers.swift */,
			);
			path = DummyManagers;
			sourceTree = "<group>";
		};
		60EB7F4C2B1EFD0F00F8C613 /* View */ = {
			isa = PBXGroup;
			children = (
				60EB7F512B1EFEDA00F8C613 /* MyPageTableViewCell.swift */,
				6020C7632B21C1D400F58AD0 /* MyPageHeaderView.swift */,
				2CE91C742B25AE9700EACCD7 /* DoneButton.swift */,
			);
			path = View;
			sourceTree = "<group>";
		};
		60EB7F532B1F051F00F8C613 /* ViewController */ = {
			isa = PBXGroup;
			children = (
				606990562B18918B00E5730F /* MyPageViewController.swift */,
				60EB7F5A2B1F19D900F8C613 /* ProfileSettingsViewController.swift */,
				EDDAD39B2B4D2E43003A9D18 /* PrivacyPolicyViewController.swift */,
			);
			path = ViewController;
			sourceTree = "<group>";
		};
		60EB7F542B1F052900F8C613 /* ViewModel */ = {
			isa = PBXGroup;
			children = (
				60EB7F552B1F053800F8C613 /* MyPageViewModel.swift */,
				60EB7F5C2B1F4F9E00F8C613 /* ProfileSettingsViewModel.swift */,
			);
			path = ViewModel;
			sourceTree = "<group>";
		};
		60EB7F572B1F167100F8C613 /* Flow */ = {
			isa = PBXGroup;
			children = (
				60459D462B21A17C00A80AF7 /* MyPageFlowCoordinator.swift */,
			);
			path = Flow;
			sourceTree = "<group>";
		};
		60FBEE462B4B81EF006B1CF9 /* LoginScene */ = {
			isa = PBXGroup;
			children = (
				60FBEE492B4B826F006B1CF9 /* LoginViewModelTests.swift */,
				60FBEE4B2B4B829B006B1CF9 /* SignUpViewModelTests.swift */,
			);
			path = LoginScene;
			sourceTree = "<group>";
		};
		60FBEE472B4B81F9006B1CF9 /* TimerScene */ = {
			isa = PBXGroup;
			children = (
				60FBEE4D2B4B82B1006B1CF9 /* TimerViewModelTests.swift */,
			);
			path = TimerScene;
			sourceTree = "<group>";
		};
		60FBEE482B4B821E006B1CF9 /* ChartScene */ = {
			isa = PBXGroup;
			children = (
			);
			path = ChartScene;
			sourceTree = "<group>";
		};
		60FBEE572B4BCC8C006B1CF9 /* MyPageScene */ = {
			isa = PBXGroup;
			children = (
			);
			path = MyPageScene;
			sourceTree = "<group>";
		};
		60FE503F2C01C7B600AA2475 /* Feature */ = {
			isa = PBXGroup;
			children = (
				60FE50402C020EC200AA2475 /* Timer */,
			);
			path = Feature;
			sourceTree = "<group>";
		};
		ED38422A2B0F451F001E2803 /* ViewModel */ = {
			isa = PBXGroup;
			children = (
				ED38422B2B0F4531001E2803 /* LoginViewModel.swift */,
				601EB73A2B148F9A00C5B216 /* SignUpViewModel.swift */,
			);
			path = ViewModel;
			sourceTree = "<group>";
		};
		ED6865BB2B1DEE2A001A2AAD /* View */ = {
			isa = PBXGroup;
			children = (
				ED6865BE2B1E2FA6001A2AAD /* ChartSegmentedControl.swift */,
				2C277ABA2B497FB500567CAC /* DonutChartView.swift */,
				2C277ABE2B4AB22400567CAC /* WeeklyCalendarView.swift */,
				2C277AC02B4AB98000567CAC /* WeekCollectionViewCell.swift */,
				2CB4AFE12B64D3CD003F5D0F /* LabelView.swift */,
				2CB4AFE32B64E94A003F5D0F /* CustonChartView.swift */,
				2C8D20F42B678A6C00632718 /* LabelListView.swift */,
				2C8D21D82B735E2B00632718 /* BarChartView.swift */,
			);
			path = View;
			sourceTree = "<group>";
		};
		ED6865D12B1F1459001A2AAD /* Flow */ = {
			isa = PBXGroup;
			children = (
				ED6865D22B1F1464001A2AAD /* ChartFlowCoordinator.swift */,
			);
			path = Flow;
			sourceTree = "<group>";
		};
		ED6865D42B1F14C3001A2AAD /* ViewModel */ = {
			isa = PBXGroup;
			children = (
				ED6865D52B1F14CF001A2AAD /* ChartViewModel.swift */,
			);
			path = ViewModel;
			sourceTree = "<group>";
		};
		EDC851D02B04EE74009031EA /* View */ = {
			isa = PBXGroup;
			children = (
				EDC851D12B04EE83009031EA /* CategoryListCollectionViewCell.swift */,
				2CE84EF82B0B8A0B00E2FB71 /* CategorySettingFooterView.swift */,
				ED3595C02B0DC2F100558FAA /* CategoryColorSelectView.swift */,
				2C7CBD582B2B3AAD0024A9AA /* TimerHeaderView.swift */,
			);
			path = View;
			sourceTree = "<group>";
		};
		EDC851D72B05C357009031EA /* DeviceMotionManager */ = {
			isa = PBXGroup;
			children = (
				EDC851D82B05C37C009031EA /* DeviceMotionManager.swift */,
			);
			path = DeviceMotionManager;
			sourceTree = "<group>";
		};
/* End PBXGroup section */

/* Begin PBXNativeTarget section */
		600908B92AFCD7DF0065DFFB /* FlipMate */ = {
			isa = PBXNativeTarget;
			buildConfigurationList = 600908E42AFCD7E00065DFFB /* Build configuration list for PBXNativeTarget "FlipMate" */;
			buildPhases = (
				60FAB9792B4E97CA004572BF /* Sources */,
				600908B72AFCD7DF0065DFFB /* Frameworks */,
				600908B82AFCD7DF0065DFFB /* Resources */,
			);
			buildRules = (
			);
			dependencies = (
				604309EB2BF1B18000768D87 /* PBXTargetDependency */,
			);
			name = FlipMate;
			packageProductDependencies = (
				60BB72772BEA709D00E2A7E9 /* FMImageProvider */,
				604309E52BF1AFE800768D87 /* GoogleSignIn */,
				604309E72BF1AFE800768D87 /* GoogleSignInSwift */,
				601F39732BF399B9001689A0 /* Core */,
				2C04FF5B2BF78E6F0065075F /* DesignSystem */,
				6071B1C62BF73BF10044574F /* Network */,
				60C368E72BFBA1DA008C76ED /* Domain */,
				2C6549BF2BFDD6E900105D5A /* Data */,
			);
			productName = FlipMate;
			productReference = 600908BA2AFCD7DF0065DFFB /* FlipMate.app */;
			productType = "com.apple.product-type.application";
		};
		600908CF2AFCD7E00065DFFB /* FlipMateTests */ = {
			isa = PBXNativeTarget;
			buildConfigurationList = 600908E72AFCD7E00065DFFB /* Build configuration list for PBXNativeTarget "FlipMateTests" */;
			buildPhases = (
				60FABAD72B4E9970004572BF /* Sources */,
				600908CD2AFCD7E00065DFFB /* Frameworks */,
				600908CE2AFCD7E00065DFFB /* Resources */,
			);
			buildRules = (
			);
			dependencies = (
				600908D22AFCD7E00065DFFB /* PBXTargetDependency */,
			);
			name = FlipMateTests;
			packageProductDependencies = (
				601F39752BF39E4F001689A0 /* Core */,
			);
			productName = FlipMateTests;
			productReference = 600908D02AFCD7E00065DFFB /* FlipMateTests.xctest */;
			productType = "com.apple.product-type.bundle.unit-test";
		};
/* End PBXNativeTarget section */

/* Begin PBXProject section */
		600908B22AFCD7DF0065DFFB /* Project object */ = {
			isa = PBXProject;
			attributes = {
				BuildIndependentTargetsInParallel = 1;
				LastSwiftUpdateCheck = 1500;
				LastUpgradeCheck = 1500;
				TargetAttributes = {
					600908B92AFCD7DF0065DFFB = {
						CreatedOnToolsVersion = 15.0.1;
					};
					600908CF2AFCD7E00065DFFB = {
						CreatedOnToolsVersion = 15.0.1;
						TestTargetID = 600908B92AFCD7DF0065DFFB;
					};
				};
			};
			buildConfigurationList = 600908B52AFCD7DF0065DFFB /* Build configuration list for PBXProject "FlipMate" */;
			compatibilityVersion = "Xcode 14.0";
			developmentRegion = ko;
			hasScannedForEncodings = 0;
			knownRegions = (
				en,
				Base,
				ko,
				ja,
			);
			mainGroup = 600908B12AFCD7DF0065DFFB;
			packageReferences = (
				60BB72762BEA709D00E2A7E9 /* XCLocalSwiftPackageReference "../FMImageProvider" */,
				604309E42BF1AFE800768D87 /* XCRemoteSwiftPackageReference "GoogleSignIn-iOS" */,
				604309E92BF1B10A00768D87 /* XCRemoteSwiftPackageReference "SwiftLint" */,
			);
			productRefGroup = 600908BB2AFCD7DF0065DFFB /* Products */;
			projectDirPath = "";
			projectRoot = "";
			targets = (
				600908B92AFCD7DF0065DFFB /* FlipMate */,
				600908CF2AFCD7E00065DFFB /* FlipMateTests */,
			);
		};
/* End PBXProject section */

/* Begin PBXResourcesBuildPhase section */
		600908B82AFCD7DF0065DFFB /* Resources */ = {
			isa = PBXResourcesBuildPhase;
			buildActionMask = 2147483647;
			files = (
				2CD272ED2B21A619000CB9E5 /* Localizable.strings in Resources */,
				60243EF02B05D24D0098A92F /* .swiftlint.yml in Resources */,
				6067DD832B2737F9004625AF /* Selection.ahap in Resources */,
				6096F91E2B04F3CA00D0B972 /* FaceDown.ahap in Resources */,
				600908CA2AFCD7E00065DFFB /* LaunchScreen.storyboard in Resources */,
			);
			runOnlyForDeploymentPostprocessing = 0;
		};
		600908CE2AFCD7E00065DFFB /* Resources */ = {
			isa = PBXResourcesBuildPhase;
			buildActionMask = 2147483647;
			files = (
			);
			runOnlyForDeploymentPostprocessing = 0;
		};
/* End PBXResourcesBuildPhase section */

/* Begin PBXSourcesBuildPhase section */
		60FAB9792B4E97CA004572BF /* Sources */ = {
			isa = PBXSourcesBuildPhase;
			buildActionMask = 2147483647;
			files = (
				2C8D20F62B7216EE00632718 /* AppFlowCoordinator.swift in Sources */,
				2C8D20F72B7216EE00632718 /* AppDelegate.swift in Sources */,
				2C8D20F82B7216EE00632718 /* SceneDelegate.swift in Sources */,
				2C8D20F92B7216EE00632718 /* AppDIContainer.swift in Sources */,
				2C8D20FA2B7216EE00632718 /* TimerSceneDIContainer.swift in Sources */,
				2C8D20FB2B7216EE00632718 /* LoginDIContainer.swift in Sources */,
				2C8D20FC2B7216EE00632718 /* TabBarDIContainer.swift in Sources */,
				2C8D20FD2B7216EE00632718 /* CategoryDIContainer.swift in Sources */,
				2C8D20FE2B7216EE00632718 /* SocialDIContainer.swift in Sources */,
				2C8D20FF2B7216EE00632718 /* MyPageDIContainer.swift in Sources */,
				2C8D21002B7216EE00632718 /* ChartDIContainer.swift in Sources */,
				2C8D21012B7216EE00632718 /* TabBarFlowCoordinator.swift in Sources */,
				2C8D21022B7216EE00632718 /* TabBarViewController.swift in Sources */,
				2C8D21032B7216EE00632718 /* ViewController.swift in Sources */,
				2C8D21042B7216EE00632718 /* LoginFlowCoordinator.swift in Sources */,
				2C8D21052B7216EE00632718 /* LoginType.swift in Sources */,
				2C8D21062B7216EE00632718 /* LoginViewModel.swift in Sources */,
				2C8D21072B7216EE00632718 /* SignUpViewModel.swift in Sources */,
				2C8D21082B7216EE00632718 /* LoginViewController.swift in Sources */,
				2C8D21092B7216EE00632718 /* SignUpViewController.swift in Sources */,
				2C8D210A2B7216EE00632718 /* TimerFlowCoordinator.swift in Sources */,
				2C8D210B2B7216EE00632718 /* CategorySettingCoordinator.swift in Sources */,
				2C8D210C2B7216EE00632718 /* DeviceOrientation.swift in Sources */,
				2C8D210D2B7216EE00632718 /* CategorySettingSection.swift in Sources */,
				2C8D210E2B7216EE00632718 /* CategoryListCollectionViewCell.swift in Sources */,
				2C8D210F2B7216EE00632718 /* CategorySettingFooterView.swift in Sources */,
				2C8D21102B7216EE00632718 /* CategoryColorSelectView.swift in Sources */,
				2C8D21112B7216EE00632718 /* TimerHeaderView.swift in Sources */,
				2C8D21122B7216EE00632718 /* TimerViewModel.swift in Sources */,
				2C8D21132B7216EE00632718 /* CategoryViewModel.swift in Sources */,
				2C8D21142B7216EE00632718 /* TimerFinishViewModel.swift in Sources */,
				2C8D21152B7216EE00632718 /* CategoryModifyViewModel.swift in Sources */,
				2C8D21D92B735E2B00632718 /* BarChartView.swift in Sources */,
				2C8D21162B7216EE00632718 /* TimerViewController.swift in Sources */,
				2C8D21172B7216EE00632718 /* CategorySettingViewController.swift in Sources */,
				2C8D21182B7216EE00632718 /* CategoryModifyViewController.swift in Sources */,
				2C8D21192B7216EE00632718 /* TimerFinishViewController.swift in Sources */,
				2C8D211A2B7216EE00632718 /* WeeklySection.swift in Sources */,
				2C8D211B2B7216EE00632718 /* ChartFlowCoordinator.swift in Sources */,
				2C8D211C2B7216EE00632718 /* ChartViewModel.swift in Sources */,
				2C8D211D2B7216EE00632718 /* ChartSegmentedControl.swift in Sources */,
				2C8D211E2B7216EE00632718 /* DonutChartView.swift in Sources */,
				2C8D211F2B7216EE00632718 /* WeeklyCalendarView.swift in Sources */,
				2C8D21202B7216EE00632718 /* WeekCollectionViewCell.swift in Sources */,
				2C8D21212B7216EE00632718 /* LabelView.swift in Sources */,
				2C8D21222B7216EE00632718 /* CustonChartView.swift in Sources */,
				2C8D21232B7216EE00632718 /* LabelListView.swift in Sources */,
				2C8D21242B7216EE00632718 /* ChartViewController.swift in Sources */,
				2C8D21252B7216EE00632718 /* FriendUser.swift in Sources */,
				2C8D21262B7216EE00632718 /* FriendSearchItem.swift in Sources */,
				2C8D21272B7216EE00632718 /* UpdateFriend.swift in Sources */,
				2C8D21282B7216EE00632718 /* ProfileHeaderItem.swift in Sources */,
				2C8D21292B7216EE00632718 /* SocialFlowCoordinator.swift in Sources */,
				2C8D212A2B7216EE00632718 /* FreindAddResultViewProtocol.swift in Sources */,
				2C8D212B2B7216EE00632718 /* MyNickNameView.swift in Sources */,
				2C8D212D2B7216EE00632718 /* SocialUserInfoHeaderView.swift in Sources */,
				2C8D212E2B7216EE00632718 /* FriendSearchResultView.swift in Sources */,
				2C8D212F2B7216EE00632718 /* NoResultView.swift in Sources */,
				2C8D21302B7216EE00632718 /* FriendsCollectionViewCell.swift in Sources */,
				2C8D21312B7216EE00632718 /* SocialDetailViewModel.swift in Sources */,
				2C8D21322B7216EE00632718 /* SocialViewModel.swift in Sources */,
				2C8D21332B7216EE00632718 /* FriendAddViewModel.swift in Sources */,
				2C8D21342B7216EE00632718 /* SocialViewController.swift in Sources */,
				2C8D21352B7216EE00632718 /* SocialDetailViewController.swift in Sources */,
				2C8D21362B7216EE00632718 /* FriendAddViewController.swift in Sources */,
				2C8D21372B7216EE00632718 /* MyPageFlowCoordinator.swift in Sources */,
				2C8D21382B7216EE00632718 /* MyPageTableViewCell.swift in Sources */,
				2C8D21392B7216EE00632718 /* MyPageHeaderView.swift in Sources */,
				2C8D213A2B7216EE00632718 /* DoneButton.swift in Sources */,
				2C8D213B2B7216EE00632718 /* MyPageViewModel.swift in Sources */,
				2C8D213C2B7216EE00632718 /* ProfileSettingsViewModel.swift in Sources */,
				2C8D213D2B7216EF00632718 /* MyPageViewController.swift in Sources */,
				2C8D213E2B7216EF00632718 /* ProfileSettingsViewController.swift in Sources */,
				2C8D213F2B7216EF00632718 /* PrivacyPolicyViewController.swift in Sources */,
				2C8D21402B7216EF00632718 /* CalendarManager.swift in Sources */,
				2C8D21412B7216EF00632718 /* UserInfoManager.swift in Sources */,
				2C8D21422B7216EF00632718 /* (null) in Sources */,
				2C8D21432B7216EF00632718 /* (null) in Sources */,
				2C8D21442B7216EF00632718 /* (null) in Sources */,
				2C8D21462B7216EF00632718 /* FriendStatusPollingManager.swift in Sources */,
				2C8D21482B7216EF00632718 /* CategoryManager.swift in Sources */,
				2C8D21492B7216EF00632718 /* TimerManager.swift in Sources */,
				2C8D214A2B7216EF00632718 /* DeviceMotionManager.swift in Sources */,
				2C8D214B2B7216EF00632718 /* FeedbackManager.swift in Sources */,
				2C8D21552B7216EF00632718 /* CategoryManageable.swift in Sources */,
				2CE0E5BD2B833602000D231C /* LineChartView.swift in Sources */,
			);
			runOnlyForDeploymentPostprocessing = 0;
		};
		60FABAD72B4E9970004572BF /* Sources */ = {
			isa = PBXSourcesBuildPhase;
			buildActionMask = 2147483647;
			files = (
				600D813C2B5148CC00670882 /* FriendAddViewModelTests.swift in Sources */,
				60490B922BEA8B93008958C3 /* DummyManagers.swift in Sources */,
				602C9D482B4F95D30021F2DE /* SignUpViewModelTests.swift in Sources */,
				600D81362B51344500670882 /* TimerViewModelTests.swift in Sources */,
				60490B932BEA8B97008958C3 /* DummyUseCases.swift in Sources */,
				602C9D472B4E9A310021F2DE /* LoginViewModelTests.swift in Sources */,
			);
			runOnlyForDeploymentPostprocessing = 0;
		};
/* End PBXSourcesBuildPhase section */

/* Begin PBXTargetDependency section */
		600908D22AFCD7E00065DFFB /* PBXTargetDependency */ = {
			isa = PBXTargetDependency;
			target = 600908B92AFCD7DF0065DFFB /* FlipMate */;
			targetProxy = 600908D12AFCD7E00065DFFB /* PBXContainerItemProxy */;
		};
		604309EB2BF1B18000768D87 /* PBXTargetDependency */ = {
			isa = PBXTargetDependency;
			productRef = 604309EA2BF1B18000768D87 /* SwiftLintBuildToolPlugin */;
		};
/* End PBXTargetDependency section */

/* Begin PBXVariantGroup section */
		2CD272EF2B21A619000CB9E5 /* Localizable.strings */ = {
			isa = PBXVariantGroup;
			children = (
				2CD272EE2B21A619000CB9E5 /* en */,
				2CD272F02B21A622000CB9E5 /* ko */,
				2CD272F12B21A62B000CB9E5 /* ja */,
			);
			name = Localizable.strings;
			sourceTree = "<group>";
		};
		600908C82AFCD7E00065DFFB /* LaunchScreen.storyboard */ = {
			isa = PBXVariantGroup;
			children = (
				600908C92AFCD7E00065DFFB /* Base */,
			);
			name = LaunchScreen.storyboard;
			sourceTree = "<group>";
		};
/* End PBXVariantGroup section */

/* Begin XCBuildConfiguration section */
		600908E22AFCD7E00065DFFB /* Debug */ = {
			isa = XCBuildConfiguration;
			buildSettings = {
				ALWAYS_SEARCH_USER_PATHS = NO;
				ASSETCATALOG_COMPILER_GENERATE_SWIFT_ASSET_SYMBOL_EXTENSIONS = YES;
				CLANG_ANALYZER_LOCALIZABILITY_NONLOCALIZED = YES;
				CLANG_ANALYZER_NONNULL = YES;
				CLANG_ANALYZER_NUMBER_OBJECT_CONVERSION = YES_AGGRESSIVE;
				CLANG_CXX_LANGUAGE_STANDARD = "gnu++20";
				CLANG_ENABLE_MODULES = YES;
				CLANG_ENABLE_OBJC_ARC = YES;
				CLANG_ENABLE_OBJC_WEAK = YES;
				CLANG_WARN_BLOCK_CAPTURE_AUTORELEASING = YES;
				CLANG_WARN_BOOL_CONVERSION = YES;
				CLANG_WARN_COMMA = YES;
				CLANG_WARN_CONSTANT_CONVERSION = YES;
				CLANG_WARN_DEPRECATED_OBJC_IMPLEMENTATIONS = YES;
				CLANG_WARN_DIRECT_OBJC_ISA_USAGE = YES_ERROR;
				CLANG_WARN_DOCUMENTATION_COMMENTS = YES;
				CLANG_WARN_EMPTY_BODY = YES;
				CLANG_WARN_ENUM_CONVERSION = YES;
				CLANG_WARN_INFINITE_RECURSION = YES;
				CLANG_WARN_INT_CONVERSION = YES;
				CLANG_WARN_NON_LITERAL_NULL_CONVERSION = YES;
				CLANG_WARN_OBJC_IMPLICIT_RETAIN_SELF = YES;
				CLANG_WARN_OBJC_LITERAL_CONVERSION = YES;
				CLANG_WARN_OBJC_ROOT_CLASS = YES_ERROR;
				CLANG_WARN_QUOTED_INCLUDE_IN_FRAMEWORK_HEADER = YES;
				CLANG_WARN_RANGE_LOOP_ANALYSIS = YES;
				CLANG_WARN_STRICT_PROTOTYPES = YES;
				CLANG_WARN_SUSPICIOUS_MOVE = YES;
				CLANG_WARN_UNGUARDED_AVAILABILITY = YES_AGGRESSIVE;
				CLANG_WARN_UNREACHABLE_CODE = YES;
				CLANG_WARN__DUPLICATE_METHOD_MATCH = YES;
				COPY_PHASE_STRIP = NO;
				DEBUG_INFORMATION_FORMAT = dwarf;
				ENABLE_STRICT_OBJC_MSGSEND = YES;
				ENABLE_TESTABILITY = YES;
				ENABLE_USER_SCRIPT_SANDBOXING = YES;
				GCC_C_LANGUAGE_STANDARD = gnu17;
				GCC_DYNAMIC_NO_PIC = NO;
				GCC_NO_COMMON_BLOCKS = YES;
				GCC_OPTIMIZATION_LEVEL = 0;
				GCC_PREPROCESSOR_DEFINITIONS = (
					"DEBUG=1",
					"$(inherited)",
				);
				GCC_WARN_64_TO_32_BIT_CONVERSION = YES;
				GCC_WARN_ABOUT_RETURN_TYPE = YES_ERROR;
				GCC_WARN_UNDECLARED_SELECTOR = YES;
				GCC_WARN_UNINITIALIZED_AUTOS = YES_AGGRESSIVE;
				GCC_WARN_UNUSED_FUNCTION = YES;
				GCC_WARN_UNUSED_VARIABLE = YES;
				IPHONEOS_DEPLOYMENT_TARGET = 14.0;
				LOCALIZATION_PREFERS_STRING_CATALOGS = YES;
				MTL_ENABLE_DEBUG_INFO = INCLUDE_SOURCE;
				MTL_FAST_MATH = YES;
				ONLY_ACTIVE_ARCH = YES;
				SDKROOT = iphoneos;
				SWIFT_ACTIVE_COMPILATION_CONDITIONS = "DEBUG $(inherited)";
				SWIFT_OPTIMIZATION_LEVEL = "-Onone";
			};
			name = Debug;
		};
		600908E32AFCD7E00065DFFB /* Release */ = {
			isa = XCBuildConfiguration;
			buildSettings = {
				ALWAYS_SEARCH_USER_PATHS = NO;
				ASSETCATALOG_COMPILER_GENERATE_SWIFT_ASSET_SYMBOL_EXTENSIONS = YES;
				CLANG_ANALYZER_LOCALIZABILITY_NONLOCALIZED = YES;
				CLANG_ANALYZER_NONNULL = YES;
				CLANG_ANALYZER_NUMBER_OBJECT_CONVERSION = YES_AGGRESSIVE;
				CLANG_CXX_LANGUAGE_STANDARD = "gnu++20";
				CLANG_ENABLE_MODULES = YES;
				CLANG_ENABLE_OBJC_ARC = YES;
				CLANG_ENABLE_OBJC_WEAK = YES;
				CLANG_WARN_BLOCK_CAPTURE_AUTORELEASING = YES;
				CLANG_WARN_BOOL_CONVERSION = YES;
				CLANG_WARN_COMMA = YES;
				CLANG_WARN_CONSTANT_CONVERSION = YES;
				CLANG_WARN_DEPRECATED_OBJC_IMPLEMENTATIONS = YES;
				CLANG_WARN_DIRECT_OBJC_ISA_USAGE = YES_ERROR;
				CLANG_WARN_DOCUMENTATION_COMMENTS = YES;
				CLANG_WARN_EMPTY_BODY = YES;
				CLANG_WARN_ENUM_CONVERSION = YES;
				CLANG_WARN_INFINITE_RECURSION = YES;
				CLANG_WARN_INT_CONVERSION = YES;
				CLANG_WARN_NON_LITERAL_NULL_CONVERSION = YES;
				CLANG_WARN_OBJC_IMPLICIT_RETAIN_SELF = YES;
				CLANG_WARN_OBJC_LITERAL_CONVERSION = YES;
				CLANG_WARN_OBJC_ROOT_CLASS = YES_ERROR;
				CLANG_WARN_QUOTED_INCLUDE_IN_FRAMEWORK_HEADER = YES;
				CLANG_WARN_RANGE_LOOP_ANALYSIS = YES;
				CLANG_WARN_STRICT_PROTOTYPES = YES;
				CLANG_WARN_SUSPICIOUS_MOVE = YES;
				CLANG_WARN_UNGUARDED_AVAILABILITY = YES_AGGRESSIVE;
				CLANG_WARN_UNREACHABLE_CODE = YES;
				CLANG_WARN__DUPLICATE_METHOD_MATCH = YES;
				COPY_PHASE_STRIP = NO;
				DEBUG_INFORMATION_FORMAT = "dwarf-with-dsym";
				ENABLE_NS_ASSERTIONS = NO;
				ENABLE_STRICT_OBJC_MSGSEND = YES;
				ENABLE_USER_SCRIPT_SANDBOXING = YES;
				GCC_C_LANGUAGE_STANDARD = gnu17;
				GCC_NO_COMMON_BLOCKS = YES;
				GCC_WARN_64_TO_32_BIT_CONVERSION = YES;
				GCC_WARN_ABOUT_RETURN_TYPE = YES_ERROR;
				GCC_WARN_UNDECLARED_SELECTOR = YES;
				GCC_WARN_UNINITIALIZED_AUTOS = YES_AGGRESSIVE;
				GCC_WARN_UNUSED_FUNCTION = YES;
				GCC_WARN_UNUSED_VARIABLE = YES;
				IPHONEOS_DEPLOYMENT_TARGET = 14.0;
				LOCALIZATION_PREFERS_STRING_CATALOGS = YES;
				MTL_ENABLE_DEBUG_INFO = NO;
				MTL_FAST_MATH = YES;
				SDKROOT = iphoneos;
				SWIFT_COMPILATION_MODE = wholemodule;
				VALIDATE_PRODUCT = YES;
			};
			name = Release;
		};
		600908E52AFCD7E00065DFFB /* Debug */ = {
			isa = XCBuildConfiguration;
			buildSettings = {
				ASSETCATALOG_COMPILER_APPICON_NAME = AppIcon;
				ASSETCATALOG_COMPILER_GLOBAL_ACCENT_COLOR_NAME = AccentColor;
				CODE_SIGN_ENTITLEMENTS = FlipMate/FlipMate.entitlements;
				CODE_SIGN_STYLE = Automatic;
				CURRENT_PROJECT_VERSION = 1;
				DEVELOPMENT_TEAM = MV89SHQKF4;
				ENABLE_USER_SCRIPT_SANDBOXING = NO;
				GENERATE_INFOPLIST_FILE = YES;
				INFOPLIST_FILE = FlipMate/Resources/Info.plist;
				INFOPLIST_KEY_CFBundleDisplayName = FlipMate;
				INFOPLIST_KEY_LSApplicationCategoryType = "public.app-category.productivity";
				INFOPLIST_KEY_UIApplicationSupportsIndirectInputEvents = YES;
				INFOPLIST_KEY_UILaunchStoryboardName = LaunchScreen.storyboard;
				INFOPLIST_KEY_UISupportedInterfaceOrientations = UIInterfaceOrientationPortrait;
				INFOPLIST_KEY_UISupportedInterfaceOrientations_iPad = "UIInterfaceOrientationLandscapeLeft UIInterfaceOrientationLandscapeRight UIInterfaceOrientationPortrait UIInterfaceOrientationPortraitUpsideDown";
				IPHONEOS_DEPLOYMENT_TARGET = 14.0;
				LD_RUNPATH_SEARCH_PATHS = (
					"$(inherited)",
					"@executable_path/Frameworks",
				);
				MARKETING_VERSION = 1.0;
				PRODUCT_BUNDLE_IDENTIFIER = kr.wbygg.FlipMate;
				PRODUCT_NAME = "$(TARGET_NAME)";
				SUPPORTED_PLATFORMS = "iphoneos iphonesimulator";
				SUPPORTS_MACCATALYST = NO;
				SUPPORTS_MAC_DESIGNED_FOR_IPHONE_IPAD = NO;
				SUPPORTS_XR_DESIGNED_FOR_IPHONE_IPAD = NO;
				SWIFT_EMIT_LOC_STRINGS = YES;
				SWIFT_VERSION = 5.0;
				TARGETED_DEVICE_FAMILY = 1;
			};
			name = Debug;
		};
		600908E62AFCD7E00065DFFB /* Release */ = {
			isa = XCBuildConfiguration;
			buildSettings = {
				ASSETCATALOG_COMPILER_APPICON_NAME = AppIcon;
				ASSETCATALOG_COMPILER_GLOBAL_ACCENT_COLOR_NAME = AccentColor;
				CODE_SIGN_ENTITLEMENTS = FlipMate/FlipMate.entitlements;
				CODE_SIGN_STYLE = Automatic;
				CURRENT_PROJECT_VERSION = 1;
				DEVELOPMENT_TEAM = MV89SHQKF4;
				ENABLE_USER_SCRIPT_SANDBOXING = NO;
				GENERATE_INFOPLIST_FILE = YES;
				INFOPLIST_FILE = FlipMate/Resources/Info.plist;
				INFOPLIST_KEY_CFBundleDisplayName = FlipMate;
				INFOPLIST_KEY_LSApplicationCategoryType = "public.app-category.productivity";
				INFOPLIST_KEY_UIApplicationSupportsIndirectInputEvents = YES;
				INFOPLIST_KEY_UILaunchStoryboardName = LaunchScreen.storyboard;
				INFOPLIST_KEY_UISupportedInterfaceOrientations = UIInterfaceOrientationPortrait;
				INFOPLIST_KEY_UISupportedInterfaceOrientations_iPad = "UIInterfaceOrientationLandscapeLeft UIInterfaceOrientationLandscapeRight UIInterfaceOrientationPortrait UIInterfaceOrientationPortraitUpsideDown";
				IPHONEOS_DEPLOYMENT_TARGET = 14.0;
				LD_RUNPATH_SEARCH_PATHS = (
					"$(inherited)",
					"@executable_path/Frameworks",
				);
				MARKETING_VERSION = 1.0;
				PRODUCT_BUNDLE_IDENTIFIER = kr.wbygg.FlipMate;
				PRODUCT_NAME = "$(TARGET_NAME)";
				SUPPORTED_PLATFORMS = "iphoneos iphonesimulator";
				SUPPORTS_MACCATALYST = NO;
				SUPPORTS_MAC_DESIGNED_FOR_IPHONE_IPAD = NO;
				SUPPORTS_XR_DESIGNED_FOR_IPHONE_IPAD = NO;
				SWIFT_EMIT_LOC_STRINGS = YES;
				SWIFT_VERSION = 5.0;
				TARGETED_DEVICE_FAMILY = 1;
			};
			name = Release;
		};
		600908E82AFCD7E00065DFFB /* Debug */ = {
			isa = XCBuildConfiguration;
			buildSettings = {
				ALWAYS_EMBED_SWIFT_STANDARD_LIBRARIES = YES;
				BUNDLE_LOADER = "$(TEST_HOST)";
				CODE_SIGN_STYLE = Automatic;
				CURRENT_PROJECT_VERSION = 1;
				DEVELOPMENT_TEAM = MV89SHQKF4;
				ENABLE_USER_SCRIPT_SANDBOXING = NO;
				GENERATE_INFOPLIST_FILE = YES;
				IPHONEOS_DEPLOYMENT_TARGET = 14.0;
				MARKETING_VERSION = 1.0;
				PRODUCT_BUNDLE_IDENTIFIER = kr.codesquad.FlipMateTests;
				PRODUCT_NAME = "$(TARGET_NAME)";
				SUPPORTED_PLATFORMS = "iphoneos iphonesimulator";
				SUPPORTS_MACCATALYST = NO;
				SUPPORTS_MAC_DESIGNED_FOR_IPHONE_IPAD = NO;
				SUPPORTS_XR_DESIGNED_FOR_IPHONE_IPAD = NO;
				SWIFT_EMIT_LOC_STRINGS = NO;
				SWIFT_VERSION = 5.0;
				TARGETED_DEVICE_FAMILY = 1;
				TEST_HOST = "$(BUILT_PRODUCTS_DIR)/FlipMate.app/$(BUNDLE_EXECUTABLE_FOLDER_PATH)/FlipMate";
			};
			name = Debug;
		};
		600908E92AFCD7E00065DFFB /* Release */ = {
			isa = XCBuildConfiguration;
			buildSettings = {
				ALWAYS_EMBED_SWIFT_STANDARD_LIBRARIES = YES;
				BUNDLE_LOADER = "$(TEST_HOST)";
				CODE_SIGN_STYLE = Automatic;
				CURRENT_PROJECT_VERSION = 1;
				DEVELOPMENT_TEAM = MV89SHQKF4;
				ENABLE_USER_SCRIPT_SANDBOXING = NO;
				GENERATE_INFOPLIST_FILE = YES;
				IPHONEOS_DEPLOYMENT_TARGET = 14.0;
				MARKETING_VERSION = 1.0;
				PRODUCT_BUNDLE_IDENTIFIER = kr.codesquad.FlipMateTests;
				PRODUCT_NAME = "$(TARGET_NAME)";
				SUPPORTED_PLATFORMS = "iphoneos iphonesimulator";
				SUPPORTS_MACCATALYST = NO;
				SUPPORTS_MAC_DESIGNED_FOR_IPHONE_IPAD = NO;
				SUPPORTS_XR_DESIGNED_FOR_IPHONE_IPAD = NO;
				SWIFT_EMIT_LOC_STRINGS = NO;
				SWIFT_VERSION = 5.0;
				TARGETED_DEVICE_FAMILY = 1;
				TEST_HOST = "$(BUILT_PRODUCTS_DIR)/FlipMate.app/$(BUNDLE_EXECUTABLE_FOLDER_PATH)/FlipMate";
			};
			name = Release;
		};
/* End XCBuildConfiguration section */

/* Begin XCConfigurationList section */
		600908B52AFCD7DF0065DFFB /* Build configuration list for PBXProject "FlipMate" */ = {
			isa = XCConfigurationList;
			buildConfigurations = (
				600908E22AFCD7E00065DFFB /* Debug */,
				600908E32AFCD7E00065DFFB /* Release */,
			);
			defaultConfigurationIsVisible = 0;
			defaultConfigurationName = Release;
		};
		600908E42AFCD7E00065DFFB /* Build configuration list for PBXNativeTarget "FlipMate" */ = {
			isa = XCConfigurationList;
			buildConfigurations = (
				600908E52AFCD7E00065DFFB /* Debug */,
				600908E62AFCD7E00065DFFB /* Release */,
			);
			defaultConfigurationIsVisible = 0;
			defaultConfigurationName = Release;
		};
		600908E72AFCD7E00065DFFB /* Build configuration list for PBXNativeTarget "FlipMateTests" */ = {
			isa = XCConfigurationList;
			buildConfigurations = (
				600908E82AFCD7E00065DFFB /* Debug */,
				600908E92AFCD7E00065DFFB /* Release */,
			);
			defaultConfigurationIsVisible = 0;
			defaultConfigurationName = Release;
		};
/* End XCConfigurationList section */

/* Begin XCLocalSwiftPackageReference section */
		60BB72762BEA709D00E2A7E9 /* XCLocalSwiftPackageReference "../FMImageProvider" */ = {
			isa = XCLocalSwiftPackageReference;
			relativePath = ../FMImageProvider;
		};
/* End XCLocalSwiftPackageReference section */

/* Begin XCRemoteSwiftPackageReference section */
		604309E42BF1AFE800768D87 /* XCRemoteSwiftPackageReference "GoogleSignIn-iOS" */ = {
			isa = XCRemoteSwiftPackageReference;
			repositoryURL = "https://github.com/google/GoogleSignIn-iOS";
			requirement = {
				kind = upToNextMajorVersion;
				minimumVersion = 7.1.0;
			};
		};
		604309E92BF1B10A00768D87 /* XCRemoteSwiftPackageReference "SwiftLint" */ = {
			isa = XCRemoteSwiftPackageReference;
			repositoryURL = "https://github.com/realm/SwiftLint.git";
			requirement = {
				kind = upToNextMajorVersion;
				minimumVersion = 0.55.0;
			};
		};
/* End XCRemoteSwiftPackageReference section */

/* Begin XCSwiftPackageProductDependency section */
		2C04FF5B2BF78E6F0065075F /* DesignSystem */ = {
			isa = XCSwiftPackageProductDependency;
			productName = DesignSystem;
		};
		2C6549BF2BFDD6E900105D5A /* Data */ = {
			isa = XCSwiftPackageProductDependency;
			productName = Data;
		};
		601F39732BF399B9001689A0 /* Core */ = {
			isa = XCSwiftPackageProductDependency;
			productName = Core;
		};
		601F39752BF39E4F001689A0 /* Core */ = {
			isa = XCSwiftPackageProductDependency;
			productName = Core;
		};
		604309E52BF1AFE800768D87 /* GoogleSignIn */ = {
			isa = XCSwiftPackageProductDependency;
			package = 604309E42BF1AFE800768D87 /* XCRemoteSwiftPackageReference "GoogleSignIn-iOS" */;
			productName = GoogleSignIn;
		};
		604309E72BF1AFE800768D87 /* GoogleSignInSwift */ = {
			isa = XCSwiftPackageProductDependency;
			package = 604309E42BF1AFE800768D87 /* XCRemoteSwiftPackageReference "GoogleSignIn-iOS" */;
			productName = GoogleSignInSwift;
		};
		604309EA2BF1B18000768D87 /* SwiftLintBuildToolPlugin */ = {
			isa = XCSwiftPackageProductDependency;
			package = 604309E92BF1B10A00768D87 /* XCRemoteSwiftPackageReference "SwiftLint" */;
			productName = "plugin:SwiftLintBuildToolPlugin";
		};
		6071B1C62BF73BF10044574F /* Network */ = {
			isa = XCSwiftPackageProductDependency;
			productName = Network;
		};
		60BB72772BEA709D00E2A7E9 /* FMImageProvider */ = {
			isa = XCSwiftPackageProductDependency;
			productName = FMImageProvider;
		};
		60C368E72BFBA1DA008C76ED /* Domain */ = {
			isa = XCSwiftPackageProductDependency;
			productName = Domain;
		};
/* End XCSwiftPackageProductDependency section */
	};
	rootObject = 600908B22AFCD7DF0065DFFB /* Project object */;
}
